
Microsoft Visual Studio Solution File, Format Version 12.00
# Visual Studio 15
VisualStudioVersion = 15.0.26730.10
MinimumVisualStudioVersion = 10.0.40219.1


Project("{9A19103F-16F7-4668-BE54-9A1E7A4F7556}") = "EnittyAbstract.Test", "EnittyAbstract.Test\EnittyAbstract.Test\EnittyAbstract.Test.csproj", "{DAE420C1-06FA-4FF0-85AF-6399B54AFC75}"
EndProject

Project("{FAE04EC0-301F-11D3-BF4B-00C04F79EFBC}") = "EnittyAbstract.Test.iOS", "EnittyAbstract.Test\EnittyAbstract.Test.iOS\EnittyAbstract.Test.iOS.csproj", "{929B1C25-0BEE-43C0-88B0-316422967433}"
EndProject


Project("{FAE04EC0-301F-11D3-BF4B-00C04F79EFBC}") = "EnittyAbstract.Test.Android", "EnittyAbstract.Test\EnittyAbstract.Test.Android\EnittyAbstract.Test.Android.csproj", "{EC47E214-A332-4617-A248-FB8C39CFEDB7}"
EndProject

Project("{FAE04EC0-301F-11D3-BF4B-00C04F79EFBC}") = "EnittyAbstract.Test.UWP", "EnittyAbstract.Test\EnittyAbstract.Test.UWP\EnittyAbstract.Test.UWP.csproj", "{F48F46C3-1719-4530-947B-0442FD403C45}"
EndProject

Global
	GlobalSection(SolutionConfigurationPlatforms) = preSolution
		Ad-Hoc|Any CPU = Ad-Hoc|Any CPU
		Ad-Hoc|ARM = Ad-Hoc|ARM
		Ad-Hoc|iPhone = Ad-Hoc|iPhone
		Ad-Hoc|iPhoneSimulator = Ad-Hoc|iPhoneSimulator
		Ad-Hoc|x64 = Ad-Hoc|x64
		Ad-Hoc|x86 = Ad-Hoc|x86
		AppStore|Any CPU = AppStore|Any CPU
		AppStore|ARM = AppStore|ARM
		AppStore|iPhone = AppStore|iPhone
		AppStore|iPhoneSimulator = AppStore|iPhoneSimulator
		AppStore|x64 = AppStore|x64
		AppStore|x86 = AppStore|x86
		Debug|Any CPU = Debug|Any CPU
		Debug|ARM = Debug|ARM
		Debug|iPhone = Debug|iPhone
		Debug|iPhoneSimulator = Debug|iPhoneSimulator
		Debug|x64 = Debug|x64
		Debug|x86 = Debug|x86
		Release|Any CPU = Release|Any CPU
		Release|ARM = Release|ARM
		Release|iPhone = Release|iPhone
		Release|iPhoneSimulator = Release|iPhoneSimulator
		Release|x64 = Release|x64
		Release|x86 = Release|x86
	EndGlobalSection
	GlobalSection(ProjectConfigurationPlatforms) = postSolution
		{DAE420C1-06FA-4FF0-85AF-6399B54AFC75}.Ad-Hoc|Any CPU.ActiveCfg = Debug|Any CPU
		{DAE420C1-06FA-4FF0-85AF-6399B54AFC75}.Ad-Hoc|Any CPU.Build.0 = Debug|Any CPU
		{DAE420C1-06FA-4FF0-85AF-6399B54AFC75}.Ad-Hoc|ARM.ActiveCfg = Debug|Any CPU
		{DAE420C1-06FA-4FF0-85AF-6399B54AFC75}.Ad-Hoc|ARM.Build.0 = Debug|Any CPU
		{DAE420C1-06FA-4FF0-85AF-6399B54AFC75}.Ad-Hoc|iPhone.ActiveCfg = Debug|Any CPU
		{DAE420C1-06FA-4FF0-85AF-6399B54AFC75}.Ad-Hoc|iPhone.Build.0 = Debug|Any CPU
		{DAE420C1-06FA-4FF0-85AF-6399B54AFC75}.Ad-Hoc|iPhoneSimulator.ActiveCfg = Debug|Any CPU
		{DAE420C1-06FA-4FF0-85AF-6399B54AFC75}.Ad-Hoc|iPhoneSimulator.Build.0 = Debug|Any CPU
		{DAE420C1-06FA-4FF0-85AF-6399B54AFC75}.Ad-Hoc|x64.ActiveCfg = Debug|Any CPU
		{DAE420C1-06FA-4FF0-85AF-6399B54AFC75}.Ad-Hoc|x64.Build.0 = Debug|Any CPU
		{DAE420C1-06FA-4FF0-85AF-6399B54AFC75}.Ad-Hoc|x86.ActiveCfg = Debug|Any CPU
		{DAE420C1-06FA-4FF0-85AF-6399B54AFC75}.Ad-Hoc|x86.Build.0 = Debug|Any CPU
		{DAE420C1-06FA-4FF0-85AF-6399B54AFC75}.AppStore|Any CPU.ActiveCfg = Debug|Any CPU
		{DAE420C1-06FA-4FF0-85AF-6399B54AFC75}.AppStore|Any CPU.Build.0 = Debug|Any CPU
		{DAE420C1-06FA-4FF0-85AF-6399B54AFC75}.AppStore|ARM.ActiveCfg = Debug|Any CPU
		{DAE420C1-06FA-4FF0-85AF-6399B54AFC75}.AppStore|ARM.Build.0 = Debug|Any CPU
		{DAE420C1-06FA-4FF0-85AF-6399B54AFC75}.AppStore|iPhone.ActiveCfg = Debug|Any CPU
		{DAE420C1-06FA-4FF0-85AF-6399B54AFC75}.AppStore|iPhone.Build.0 = Debug|Any CPU
		{DAE420C1-06FA-4FF0-85AF-6399B54AFC75}.AppStore|iPhoneSimulator.ActiveCfg = Debug|Any CPU
		{DAE420C1-06FA-4FF0-85AF-6399B54AFC75}.AppStore|iPhoneSimulator.Build.0 = Debug|Any CPU
		{DAE420C1-06FA-4FF0-85AF-6399B54AFC75}.AppStore|x64.ActiveCfg = Debug|Any CPU
		{DAE420C1-06FA-4FF0-85AF-6399B54AFC75}.AppStore|x64.Build.0 = Debug|Any CPU
		{DAE420C1-06FA-4FF0-85AF-6399B54AFC75}.AppStore|x86.ActiveCfg = Debug|Any CPU
		{DAE420C1-06FA-4FF0-85AF-6399B54AFC75}.AppStore|x86.Build.0 = Debug|Any CPU
		{DAE420C1-06FA-4FF0-85AF-6399B54AFC75}.Debug|Any CPU.ActiveCfg = Debug|Any CPU
		{DAE420C1-06FA-4FF0-85AF-6399B54AFC75}.Debug|Any CPU.Build.0 = Debug|Any CPU
		{DAE420C1-06FA-4FF0-85AF-6399B54AFC75}.Debug|ARM.ActiveCfg = Debug|Any CPU
		{DAE420C1-06FA-4FF0-85AF-6399B54AFC75}.Debug|ARM.Build.0 = Debug|Any CPU
		{DAE420C1-06FA-4FF0-85AF-6399B54AFC75}.Debug|iPhone.ActiveCfg = Debug|Any CPU
		{DAE420C1-06FA-4FF0-85AF-6399B54AFC75}.Debug|iPhone.Build.0 = Debug|Any CPU
		{DAE420C1-06FA-4FF0-85AF-6399B54AFC75}.Debug|iPhoneSimulator.ActiveCfg = Debug|Any CPU
		{DAE420C1-06FA-4FF0-85AF-6399B54AFC75}.Debug|iPhoneSimulator.Build.0 = Debug|Any CPU
		{DAE420C1-06FA-4FF0-85AF-6399B54AFC75}.Debug|x64.ActiveCfg = Debug|Any CPU
		{DAE420C1-06FA-4FF0-85AF-6399B54AFC75}.Debug|x64.Build.0 = Debug|Any CPU
		{DAE420C1-06FA-4FF0-85AF-6399B54AFC75}.Debug|x86.ActiveCfg = Debug|Any CPU
		{DAE420C1-06FA-4FF0-85AF-6399B54AFC75}.Debug|x86.Build.0 = Debug|Any CPU
		{DAE420C1-06FA-4FF0-85AF-6399B54AFC75}.Release|Any CPU.ActiveCfg = Release|Any CPU
		{DAE420C1-06FA-4FF0-85AF-6399B54AFC75}.Release|Any CPU.Build.0 = Release|Any CPU
		{DAE420C1-06FA-4FF0-85AF-6399B54AFC75}.Release|ARM.ActiveCfg = Release|Any CPU
		{DAE420C1-06FA-4FF0-85AF-6399B54AFC75}.Release|ARM.Build.0 = Release|Any CPU
		{DAE420C1-06FA-4FF0-85AF-6399B54AFC75}.Release|iPhone.ActiveCfg = Release|Any CPU
		{DAE420C1-06FA-4FF0-85AF-6399B54AFC75}.Release|iPhone.Build.0 = Release|Any CPU
		{DAE420C1-06FA-4FF0-85AF-6399B54AFC75}.Release|iPhoneSimulator.ActiveCfg = Release|Any CPU
		{DAE420C1-06FA-4FF0-85AF-6399B54AFC75}.Release|iPhoneSimulator.Build.0 = Release|Any CPU
		{DAE420C1-06FA-4FF0-85AF-6399B54AFC75}.Release|x64.ActiveCfg = Release|Any CPU
		{DAE420C1-06FA-4FF0-85AF-6399B54AFC75}.Release|x64.Build.0 = Release|Any CPU
		{DAE420C1-06FA-4FF0-85AF-6399B54AFC75}.Release|x86.ActiveCfg = Release|Any CPU
		{DAE420C1-06FA-4FF0-85AF-6399B54AFC75}.Release|x86.Build.0 = Release|Any CPU
		{929B1C25-0BEE-43C0-88B0-316422967433}.Ad-Hoc|Any CPU.ActiveCfg = Ad-Hoc|iPhone
		{929B1C25-0BEE-43C0-88B0-316422967433}.Ad-Hoc|ARM.ActiveCfg = Ad-Hoc|iPhone
		{929B1C25-0BEE-43C0-88B0-316422967433}.Ad-Hoc|iPhone.ActiveCfg = Ad-Hoc|iPhone
		{929B1C25-0BEE-43C0-88B0-316422967433}.Ad-Hoc|iPhone.Build.0 = Ad-Hoc|iPhone
		{929B1C25-0BEE-43C0-88B0-316422967433}.Ad-Hoc|iPhoneSimulator.ActiveCfg = Ad-Hoc|iPhoneSimulator
		{929B1C25-0BEE-43C0-88B0-316422967433}.Ad-Hoc|iPhoneSimulator.Build.0 = Ad-Hoc|iPhoneSimulator
		{929B1C25-0BEE-43C0-88B0-316422967433}.Ad-Hoc|x64.ActiveCfg = Ad-Hoc|iPhone
		{929B1C25-0BEE-43C0-88B0-316422967433}.Ad-Hoc|x86.ActiveCfg = Ad-Hoc|iPhone
		{929B1C25-0BEE-43C0-88B0-316422967433}.AppStore|Any CPU.ActiveCfg = AppStore|iPhone
		{929B1C25-0BEE-43C0-88B0-316422967433}.AppStore|ARM.ActiveCfg = AppStore|iPhone
		{929B1C25-0BEE-43C0-88B0-316422967433}.AppStore|iPhone.ActiveCfg = AppStore|iPhone
		{929B1C25-0BEE-43C0-88B0-316422967433}.AppStore|iPhone.Build.0 = AppStore|iPhone
		{929B1C25-0BEE-43C0-88B0-316422967433}.AppStore|iPhoneSimulator.ActiveCfg = AppStore|iPhoneSimulator
		{929B1C25-0BEE-43C0-88B0-316422967433}.AppStore|iPhoneSimulator.Build.0 = AppStore|iPhoneSimulator
		{929B1C25-0BEE-43C0-88B0-316422967433}.AppStore|x64.ActiveCfg = AppStore|iPhone
		{929B1C25-0BEE-43C0-88B0-316422967433}.AppStore|x86.ActiveCfg = AppStore|iPhone
		{929B1C25-0BEE-43C0-88B0-316422967433}.Debug|Any CPU.ActiveCfg = Debug|iPhone
		{929B1C25-0BEE-43C0-88B0-316422967433}.Debug|ARM.ActiveCfg = Debug|iPhone
		{929B1C25-0BEE-43C0-88B0-316422967433}.Debug|iPhone.ActiveCfg = Debug|iPhone
		{929B1C25-0BEE-43C0-88B0-316422967433}.Debug|iPhone.Build.0 = Debug|iPhone
		{929B1C25-0BEE-43C0-88B0-316422967433}.Debug|iPhoneSimulator.ActiveCfg = Debug|iPhoneSimulator
		{929B1C25-0BEE-43C0-88B0-316422967433}.Debug|iPhoneSimulator.Build.0 = Debug|iPhoneSimulator
		{929B1C25-0BEE-43C0-88B0-316422967433}.Debug|x64.ActiveCfg = Debug|iPhone
		{929B1C25-0BEE-43C0-88B0-316422967433}.Debug|x86.ActiveCfg = Debug|iPhone
		{929B1C25-0BEE-43C0-88B0-316422967433}.Release|Any CPU.ActiveCfg = Release|iPhone
		{929B1C25-0BEE-43C0-88B0-316422967433}.Release|ARM.ActiveCfg = Release|iPhone
		{929B1C25-0BEE-43C0-88B0-316422967433}.Release|iPhone.ActiveCfg = Release|iPhone
		{929B1C25-0BEE-43C0-88B0-316422967433}.Release|iPhone.Build.0 = Release|iPhone
		{929B1C25-0BEE-43C0-88B0-316422967433}.Release|iPhoneSimulator.ActiveCfg = Release|iPhoneSimulator
		{929B1C25-0BEE-43C0-88B0-316422967433}.Release|iPhoneSimulator.Build.0 = Release|iPhoneSimulator
		{929B1C25-0BEE-43C0-88B0-316422967433}.Release|x64.ActiveCfg = Release|iPhone
		{929B1C25-0BEE-43C0-88B0-316422967433}.Release|x86.ActiveCfg = Release|iPhone
		{F48F46C3-1719-4530-947B-0442FD403C45}.Ad-Hoc|Any CPU.ActiveCfg = Release|x86
		{F48F46C3-1719-4530-947B-0442FD403C45}.Ad-Hoc|Any CPU.Build.0 = Release|x86
		{F48F46C3-1719-4530-947B-0442FD403C45}.Ad-Hoc|Any CPU.Deploy.0 = Release|x86
		{F48F46C3-1719-4530-947B-0442FD403C45}.Ad-Hoc|ARM.ActiveCfg = Release|ARM
		{F48F46C3-1719-4530-947B-0442FD403C45}.Ad-Hoc|ARM.Build.0 = Release|ARM
		{F48F46C3-1719-4530-947B-0442FD403C45}.Ad-Hoc|ARM.Deploy.0 = Release|ARM
		{F48F46C3-1719-4530-947B-0442FD403C45}.Ad-Hoc|iPhone.ActiveCfg = Release|x86
		{F48F46C3-1719-4530-947B-0442FD403C45}.Ad-Hoc|iPhone.Build.0 = Release|x86
		{F48F46C3-1719-4530-947B-0442FD403C45}.Ad-Hoc|iPhone.Deploy.0 = Release|x86
		{F48F46C3-1719-4530-947B-0442FD403C45}.Ad-Hoc|iPhoneSimulator.ActiveCfg = Release|x86
		{F48F46C3-1719-4530-947B-0442FD403C45}.Ad-Hoc|iPhoneSimulator.Build.0 = Release|x86
		{F48F46C3-1719-4530-947B-0442FD403C45}.Ad-Hoc|iPhoneSimulator.Deploy.0 = Release|x86
		{F48F46C3-1719-4530-947B-0442FD403C45}.Ad-Hoc|x64.ActiveCfg = Release|x64
		{F48F46C3-1719-4530-947B-0442FD403C45}.Ad-Hoc|x64.Build.0 = Release|x64
		{F48F46C3-1719-4530-947B-0442FD403C45}.Ad-Hoc|x64.Deploy.0 = Release|x64
		{F48F46C3-1719-4530-947B-0442FD403C45}.Ad-Hoc|x86.ActiveCfg = Release|x86
		{F48F46C3-1719-4530-947B-0442FD403C45}.Ad-Hoc|x86.Build.0 = Release|x86
		{F48F46C3-1719-4530-947B-0442FD403C45}.Ad-Hoc|x86.Deploy.0 = Release|x86
		{F48F46C3-1719-4530-947B-0442FD403C45}.AppStore|Any CPU.ActiveCfg = Release|x86
		{F48F46C3-1719-4530-947B-0442FD403C45}.AppStore|Any CPU.Build.0 = Release|x86
		{F48F46C3-1719-4530-947B-0442FD403C45}.AppStore|Any CPU.Deploy.0 = Release|x86
		{F48F46C3-1719-4530-947B-0442FD403C45}.AppStore|ARM.ActiveCfg = Release|ARM
		{F48F46C3-1719-4530-947B-0442FD403C45}.AppStore|ARM.Build.0 = Release|ARM
		{F48F46C3-1719-4530-947B-0442FD403C45}.AppStore|ARM.Deploy.0 = Release|ARM
		{F48F46C3-1719-4530-947B-0442FD403C45}.AppStore|iPhone.ActiveCfg = Release|x86
		{F48F46C3-1719-4530-947B-0442FD403C45}.AppStore|iPhone.Build.0 = Release|x86
		{F48F46C3-1719-4530-947B-0442FD403C45}.AppStore|iPhone.Deploy.0 = Release|x86
		{F48F46C3-1719-4530-947B-0442FD403C45}.AppStore|iPhoneSimulator.ActiveCfg = Release|x86
		{F48F46C3-1719-4530-947B-0442FD403C45}.AppStore|iPhoneSimulator.Build.0 = Release|x86
		{F48F46C3-1719-4530-947B-0442FD403C45}.AppStore|iPhoneSimulator.Deploy.0 = Release|x86
		{F48F46C3-1719-4530-947B-0442FD403C45}.AppStore|x64.ActiveCfg = Release|x64
		{F48F46C3-1719-4530-947B-0442FD403C45}.AppStore|x64.Build.0 = Release|x64
		{F48F46C3-1719-4530-947B-0442FD403C45}.AppStore|x64.Deploy.0 = Release|x64
		{F48F46C3-1719-4530-947B-0442FD403C45}.AppStore|x86.ActiveCfg = Release|x86
		{F48F46C3-1719-4530-947B-0442FD403C45}.AppStore|x86.Build.0 = Release|x86
		{F48F46C3-1719-4530-947B-0442FD403C45}.AppStore|x86.Deploy.0 = Release|x86
		{F48F46C3-1719-4530-947B-0442FD403C45}.Debug|Any CPU.ActiveCfg = Debug|x86
		{F48F46C3-1719-4530-947B-0442FD403C45}.Debug|ARM.ActiveCfg = Debug|ARM
		{F48F46C3-1719-4530-947B-0442FD403C45}.Debug|ARM.Build.0 = Debug|ARM
		{F48F46C3-1719-4530-947B-0442FD403C45}.Debug|ARM.Deploy.0 = Debug|ARM
		{F48F46C3-1719-4530-947B-0442FD403C45}.Debug|iPhone.ActiveCfg = Debug|x86
		{F48F46C3-1719-4530-947B-0442FD403C45}.Debug|iPhoneSimulator.ActiveCfg = Debug|x86
		{F48F46C3-1719-4530-947B-0442FD403C45}.Debug|x64.ActiveCfg = Debug|x64
		{F48F46C3-1719-4530-947B-0442FD403C45}.Debug|x64.Build.0 = Debug|x64
		{F48F46C3-1719-4530-947B-0442FD403C45}.Debug|x64.Deploy.0 = Debug|x64
		{F48F46C3-1719-4530-947B-0442FD403C45}.Debug|x86.ActiveCfg = Debug|x86
		{F48F46C3-1719-4530-947B-0442FD403C45}.Debug|x86.Build.0 = Debug|x86
		{F48F46C3-1719-4530-947B-0442FD403C45}.Debug|x86.Deploy.0 = Debug|x86
		{F48F46C3-1719-4530-947B-0442FD403C45}.Release|Any CPU.ActiveCfg = Release|x86
		{F48F46C3-1719-4530-947B-0442FD403C45}.Release|ARM.ActiveCfg = Release|ARM
		{F48F46C3-1719-4530-947B-0442FD403C45}.Release|ARM.Build.0 = Release|ARM
		{F48F46C3-1719-4530-947B-0442FD403C45}.Release|ARM.Deploy.0 = Release|ARM
		{F48F46C3-1719-4530-947B-0442FD403C45}.Release|iPhone.ActiveCfg = Release|x86
		{F48F46C3-1719-4530-947B-0442FD403C45}.Release|iPhoneSimulator.ActiveCfg = Release|x86
		{F48F46C3-1719-4530-947B-0442FD403C45}.Release|x64.ActiveCfg = Release|x64
		{F48F46C3-1719-4530-947B-0442FD403C45}.Release|x64.Build.0 = Release|x64
		{F48F46C3-1719-4530-947B-0442FD403C45}.Release|x64.Deploy.0 = Release|x64
		{F48F46C3-1719-4530-947B-0442FD403C45}.Release|x86.ActiveCfg = Release|x86
		{F48F46C3-1719-4530-947B-0442FD403C45}.Release|x86.Build.0 = Release|x86
		{F48F46C3-1719-4530-947B-0442FD403C45}.Release|x86.Deploy.0 = Release|x86
		{20FDA6ED-B68E-4610-807B-F358668F181E}.Ad-Hoc|Any CPU.ActiveCfg = Release|Any CPU
		{20FDA6ED-B68E-4610-807B-F358668F181E}.Ad-Hoc|Any CPU.Build.0 = Release|Any CPU
		{20FDA6ED-B68E-4610-807B-F358668F181E}.Ad-Hoc|Any CPU.Deploy.0 = Release|Any CPU
		{20FDA6ED-B68E-4610-807B-F358668F181E}.Ad-Hoc|ARM.ActiveCfg = Release|Any CPU
		{20FDA6ED-B68E-4610-807B-F358668F181E}.Ad-Hoc|ARM.Build.0 = Release|Any CPU
		{20FDA6ED-B68E-4610-807B-F358668F181E}.Ad-Hoc|ARM.Deploy.0 = Release|Any CPU
		{20FDA6ED-B68E-4610-807B-F358668F181E}.Ad-Hoc|iPhone.ActiveCfg = Release|Any CPU
		{20FDA6ED-B68E-4610-807B-F358668F181E}.Ad-Hoc|iPhone.Build.0 = Release|Any CPU
		{20FDA6ED-B68E-4610-807B-F358668F181E}.Ad-Hoc|iPhone.Deploy.0 = Release|Any CPU
		{20FDA6ED-B68E-4610-807B-F358668F181E}.Ad-Hoc|iPhoneSimulator.ActiveCfg = Release|Any CPU
		{20FDA6ED-B68E-4610-807B-F358668F181E}.Ad-Hoc|iPhoneSimulator.Build.0 = Release|Any CPU
		{20FDA6ED-B68E-4610-807B-F358668F181E}.Ad-Hoc|iPhoneSimulator.Deploy.0 = Release|Any CPU
		{20FDA6ED-B68E-4610-807B-F358668F181E}.Ad-Hoc|x64.ActiveCfg = Release|Any CPU
		{20FDA6ED-B68E-4610-807B-F358668F181E}.Ad-Hoc|x64.Build.0 = Release|Any CPU
		{20FDA6ED-B68E-4610-807B-F358668F181E}.Ad-Hoc|x64.Deploy.0 = Release|Any CPU
		{20FDA6ED-B68E-4610-807B-F358668F181E}.Ad-Hoc|x86.ActiveCfg = Release|Any CPU
		{20FDA6ED-B68E-4610-807B-F358668F181E}.Ad-Hoc|x86.Build.0 = Release|Any CPU
		{20FDA6ED-B68E-4610-807B-F358668F181E}.Ad-Hoc|x86.Deploy.0 = Release|Any CPU
		{20FDA6ED-B68E-4610-807B-F358668F181E}.AppStore|Any CPU.ActiveCfg = Release|Any CPU
		{20FDA6ED-B68E-4610-807B-F358668F181E}.AppStore|Any CPU.Build.0 = Release|Any CPU
		{20FDA6ED-B68E-4610-807B-F358668F181E}.AppStore|Any CPU.Deploy.0 = Release|Any CPU
		{20FDA6ED-B68E-4610-807B-F358668F181E}.AppStore|ARM.ActiveCfg = Release|Any CPU
		{20FDA6ED-B68E-4610-807B-F358668F181E}.AppStore|ARM.Build.0 = Release|Any CPU
		{20FDA6ED-B68E-4610-807B-F358668F181E}.AppStore|ARM.Deploy.0 = Release|Any CPU
		{20FDA6ED-B68E-4610-807B-F358668F181E}.AppStore|iPhone.ActiveCfg = Release|Any CPU
		{20FDA6ED-B68E-4610-807B-F358668F181E}.AppStore|iPhone.Build.0 = Release|Any CPU
		{20FDA6ED-B68E-4610-807B-F358668F181E}.AppStore|iPhone.Deploy.0 = Release|Any CPU
		{20FDA6ED-B68E-4610-807B-F358668F181E}.AppStore|iPhoneSimulator.ActiveCfg = Release|Any CPU
		{20FDA6ED-B68E-4610-807B-F358668F181E}.AppStore|iPhoneSimulator.Build.0 = Release|Any CPU
		{20FDA6ED-B68E-4610-807B-F358668F181E}.AppStore|iPhoneSimulator.Deploy.0 = Release|Any CPU
		{20FDA6ED-B68E-4610-807B-F358668F181E}.AppStore|x64.ActiveCfg = Release|Any CPU
		{20FDA6ED-B68E-4610-807B-F358668F181E}.AppStore|x64.Build.0 = Release|Any CPU
		{20FDA6ED-B68E-4610-807B-F358668F181E}.AppStore|x64.Deploy.0 = Release|Any CPU
		{20FDA6ED-B68E-4610-807B-F358668F181E}.AppStore|x86.ActiveCfg = Release|Any CPU
		{20FDA6ED-B68E-4610-807B-F358668F181E}.AppStore|x86.Build.0 = Release|Any CPU
		{20FDA6ED-B68E-4610-807B-F358668F181E}.AppStore|x86.Deploy.0 = Release|Any CPU
		{20FDA6ED-B68E-4610-807B-F358668F181E}.Debug|Any CPU.ActiveCfg = Debug|Any CPU
		{20FDA6ED-B68E-4610-807B-F358668F181E}.Debug|Any CPU.Build.0 = Debug|Any CPU
		{20FDA6ED-B68E-4610-807B-F358668F181E}.Debug|Any CPU.Deploy.0 = Debug|Any CPU
		{20FDA6ED-B68E-4610-807B-F358668F181E}.Debug|ARM.ActiveCfg = Debug|Any CPU
		{20FDA6ED-B68E-4610-807B-F358668F181E}.Debug|ARM.Build.0 = Debug|Any CPU
		{20FDA6ED-B68E-4610-807B-F358668F181E}.Debug|ARM.Deploy.0 = Debug|Any CPU
		{20FDA6ED-B68E-4610-807B-F358668F181E}.Debug|iPhone.ActiveCfg = Debug|Any CPU
		{20FDA6ED-B68E-4610-807B-F358668F181E}.Debug|iPhone.Build.0 = Debug|Any CPU
		{20FDA6ED-B68E-4610-807B-F358668F181E}.Debug|iPhone.Deploy.0 = Debug|Any CPU
		{20FDA6ED-B68E-4610-807B-F358668F181E}.Debug|iPhoneSimulator.ActiveCfg = Debug|Any CPU
		{20FDA6ED-B68E-4610-807B-F358668F181E}.Debug|iPhoneSimulator.Build.0 = Debug|Any CPU
		{20FDA6ED-B68E-4610-807B-F358668F181E}.Debug|iPhoneSimulator.Deploy.0 = Debug|Any CPU
		{20FDA6ED-B68E-4610-807B-F358668F181E}.Debug|x64.ActiveCfg = Debug|Any CPU
		{20FDA6ED-B68E-4610-807B-F358668F181E}.Debug|x64.Build.0 = Debug|Any CPU
		{20FDA6ED-B68E-4610-807B-F358668F181E}.Debug|x64.Deploy.0 = Debug|Any CPU
		{20FDA6ED-B68E-4610-807B-F358668F181E}.Debug|x86.ActiveCfg = Debug|Any CPU
		{20FDA6ED-B68E-4610-807B-F358668F181E}.Debug|x86.Build.0 = Debug|Any CPU
		{20FDA6ED-B68E-4610-807B-F358668F181E}.Debug|x86.Deploy.0 = Debug|Any CPU
		{20FDA6ED-B68E-4610-807B-F358668F181E}.Release|Any CPU.ActiveCfg = Release|Any CPU
		{20FDA6ED-B68E-4610-807B-F358668F181E}.Release|Any CPU.Build.0 = Release|Any CPU
		{20FDA6ED-B68E-4610-807B-F358668F181E}.Release|Any CPU.Deploy.0 = Release|Any CPU
		{20FDA6ED-B68E-4610-807B-F358668F181E}.Release|ARM.ActiveCfg = Release|Any CPU
		{20FDA6ED-B68E-4610-807B-F358668F181E}.Release|ARM.Build.0 = Release|Any CPU
		{20FDA6ED-B68E-4610-807B-F358668F181E}.Release|ARM.Deploy.0 = Release|Any CPU
		{20FDA6ED-B68E-4610-807B-F358668F181E}.Release|iPhone.ActiveCfg = Release|Any CPU
		{20FDA6ED-B68E-4610-807B-F358668F181E}.Release|iPhone.Build.0 = Release|Any CPU
		{20FDA6ED-B68E-4610-807B-F358668F181E}.Release|iPhone.Deploy.0 = Release|Any CPU
		{20FDA6ED-B68E-4610-807B-F358668F181E}.Release|iPhoneSimulator.ActiveCfg = Release|Any CPU
		{20FDA6ED-B68E-4610-807B-F358668F181E}.Release|iPhoneSimulator.Build.0 = Release|Any CPU
		{20FDA6ED-B68E-4610-807B-F358668F181E}.Release|iPhoneSimulator.Deploy.0 = Release|Any CPU
		{20FDA6ED-B68E-4610-807B-F358668F181E}.Release|x64.ActiveCfg = Release|Any CPU
		{20FDA6ED-B68E-4610-807B-F358668F181E}.Release|x64.Build.0 = Release|Any CPU
		{20FDA6ED-B68E-4610-807B-F358668F181E}.Release|x64.Deploy.0 = Release|Any CPU
		{20FDA6ED-B68E-4610-807B-F358668F181E}.Release|x86.ActiveCfg = Release|Any CPU
		{20FDA6ED-B68E-4610-807B-F358668F181E}.Release|x86.Build.0 = Release|Any CPU
		{20FDA6ED-B68E-4610-807B-F358668F181E}.Release|x86.Deploy.0 = Release|Any CPU
		{B445DF73-AC9E-4276-9FBA-7CB5AD5D2518}.Ad-Hoc|Any CPU.ActiveCfg = Release|Any CPU
		{B445DF73-AC9E-4276-9FBA-7CB5AD5D2518}.Ad-Hoc|Any CPU.Build.0 = Release|Any CPU
		{B445DF73-AC9E-4276-9FBA-7CB5AD5D2518}.Ad-Hoc|ARM.ActiveCfg = Release|Any CPU
		{B445DF73-AC9E-4276-9FBA-7CB5AD5D2518}.Ad-Hoc|ARM.Build.0 = Release|Any CPU
		{B445DF73-AC9E-4276-9FBA-7CB5AD5D2518}.Ad-Hoc|iPhone.ActiveCfg = Release|Any CPU
		{B445DF73-AC9E-4276-9FBA-7CB5AD5D2518}.Ad-Hoc|iPhone.Build.0 = Release|Any CPU
		{B445DF73-AC9E-4276-9FBA-7CB5AD5D2518}.Ad-Hoc|iPhoneSimulator.ActiveCfg = Release|Any CPU
		{B445DF73-AC9E-4276-9FBA-7CB5AD5D2518}.Ad-Hoc|iPhoneSimulator.Build.0 = Release|Any CPU
		{B445DF73-AC9E-4276-9FBA-7CB5AD5D2518}.Ad-Hoc|x64.ActiveCfg = Release|Any CPU
		{B445DF73-AC9E-4276-9FBA-7CB5AD5D2518}.Ad-Hoc|x64.Build.0 = Release|Any CPU
		{B445DF73-AC9E-4276-9FBA-7CB5AD5D2518}.Ad-Hoc|x86.ActiveCfg = Release|Any CPU
		{B445DF73-AC9E-4276-9FBA-7CB5AD5D2518}.Ad-Hoc|x86.Build.0 = Release|Any CPU
		{B445DF73-AC9E-4276-9FBA-7CB5AD5D2518}.AppStore|Any CPU.ActiveCfg = Release|Any CPU
		{B445DF73-AC9E-4276-9FBA-7CB5AD5D2518}.AppStore|Any CPU.Build.0 = Release|Any CPU
		{B445DF73-AC9E-4276-9FBA-7CB5AD5D2518}.AppStore|ARM.ActiveCfg = Release|Any CPU
		{B445DF73-AC9E-4276-9FBA-7CB5AD5D2518}.AppStore|ARM.Build.0 = Release|Any CPU
		{B445DF73-AC9E-4276-9FBA-7CB5AD5D2518}.AppStore|iPhone.ActiveCfg = Release|Any CPU
		{B445DF73-AC9E-4276-9FBA-7CB5AD5D2518}.AppStore|iPhone.Build.0 = Release|Any CPU
		{B445DF73-AC9E-4276-9FBA-7CB5AD5D2518}.AppStore|iPhoneSimulator.ActiveCfg = Release|Any CPU
		{B445DF73-AC9E-4276-9FBA-7CB5AD5D2518}.AppStore|iPhoneSimulator.Build.0 = Release|Any CPU
		{B445DF73-AC9E-4276-9FBA-7CB5AD5D2518}.AppStore|x64.ActiveCfg = Release|Any CPU
		{B445DF73-AC9E-4276-9FBA-7CB5AD5D2518}.AppStore|x64.Build.0 = Release|Any CPU
		{B445DF73-AC9E-4276-9FBA-7CB5AD5D2518}.AppStore|x86.ActiveCfg = Release|Any CPU
		{B445DF73-AC9E-4276-9FBA-7CB5AD5D2518}.AppStore|x86.Build.0 = Release|Any CPU
		{B445DF73-AC9E-4276-9FBA-7CB5AD5D2518}.Debug|Any CPU.ActiveCfg = Debug|Any CPU
		{B445DF73-AC9E-4276-9FBA-7CB5AD5D2518}.Debug|Any CPU.Build.0 = Debug|Any CPU
		{B445DF73-AC9E-4276-9FBA-7CB5AD5D2518}.Debug|ARM.ActiveCfg = Debug|Any CPU
		{B445DF73-AC9E-4276-9FBA-7CB5AD5D2518}.Debug|ARM.Build.0 = Debug|Any CPU
		{B445DF73-AC9E-4276-9FBA-7CB5AD5D2518}.Debug|iPhone.ActiveCfg = Debug|Any CPU
		{B445DF73-AC9E-4276-9FBA-7CB5AD5D2518}.Debug|iPhone.Build.0 = Debug|Any CPU
		{B445DF73-AC9E-4276-9FBA-7CB5AD5D2518}.Debug|iPhoneSimulator.ActiveCfg = Debug|Any CPU
		{B445DF73-AC9E-4276-9FBA-7CB5AD5D2518}.Debug|iPhoneSimulator.Build.0 = Debug|Any CPU
		{B445DF73-AC9E-4276-9FBA-7CB5AD5D2518}.Debug|x64.ActiveCfg = Debug|Any CPU
		{B445DF73-AC9E-4276-9FBA-7CB5AD5D2518}.Debug|x64.Build.0 = Debug|Any CPU
		{B445DF73-AC9E-4276-9FBA-7CB5AD5D2518}.Debug|x86.ActiveCfg = Debug|Any CPU
		{B445DF73-AC9E-4276-9FBA-7CB5AD5D2518}.Debug|x86.Build.0 = Debug|Any CPU
		{B445DF73-AC9E-4276-9FBA-7CB5AD5D2518}.Release|Any CPU.ActiveCfg = Release|Any CPU
		{B445DF73-AC9E-4276-9FBA-7CB5AD5D2518}.Release|Any CPU.Build.0 = Release|Any CPU
		{B445DF73-AC9E-4276-9FBA-7CB5AD5D2518}.Release|ARM.ActiveCfg = Release|Any CPU
		{B445DF73-AC9E-4276-9FBA-7CB5AD5D2518}.Release|ARM.Build.0 = Release|Any CPU
		{B445DF73-AC9E-4276-9FBA-7CB5AD5D2518}.Release|iPhone.ActiveCfg = Release|Any CPU
		{B445DF73-AC9E-4276-9FBA-7CB5AD5D2518}.Release|iPhone.Build.0 = Release|Any CPU
		{B445DF73-AC9E-4276-9FBA-7CB5AD5D2518}.Release|iPhoneSimulator.ActiveCfg = Release|Any CPU
		{B445DF73-AC9E-4276-9FBA-7CB5AD5D2518}.Release|iPhoneSimulator.Build.0 = Release|Any CPU
		{B445DF73-AC9E-4276-9FBA-7CB5AD5D2518}.Release|x64.ActiveCfg = Release|Any CPU
		{B445DF73-AC9E-4276-9FBA-7CB5AD5D2518}.Release|x64.Build.0 = Release|Any CPU
		{B445DF73-AC9E-4276-9FBA-7CB5AD5D2518}.Release|x86.ActiveCfg = Release|Any CPU
		{B445DF73-AC9E-4276-9FBA-7CB5AD5D2518}.Release|x86.Build.0 = Release|Any CPU
	EndGlobalSection
	GlobalSection(SolutionProperties) = preSolution
		HideSolutionNode = FALSE
	EndGlobalSection
	GlobalSection(ExtensibilityGlobals) = postSolution
		SolutionGuid = {F6D05029-56B8-4E45-AF2D-0E76295DDBA2}
	EndGlobalSection
EndGlobal
