
Microsoft Visual Studio Solution File, Format Version 12.00
# Visual Studio 15
VisualStudioVersion = 15.0.26730.10
MinimumVisualStudioVersion = 10.0.40219.1


Project("{9A19103F-16F7-4668-BE54-9A1E7A4F7556}") = "EntityAbstract.Core", "EntityAbstract.Core\EntityAbstract.Core\EntityAbstract.Core.csproj", "{44E61060-5669-4D5F-9626-A913D89B89EB}"
EndProject

Project("{FAE04EC0-301F-11D3-BF4B-00C04F79EFBC}") = "EntityAbstract.Core.iOS", "EntityAbstract.Core\EntityAbstract.Core.iOS\EntityAbstract.Core.iOS.csproj", "{795E4A04-197A-4AD6-9E8B-3AF81D88DF17}"
EndProject


Project("{FAE04EC0-301F-11D3-BF4B-00C04F79EFBC}") = "EntityAbstract.Core.Android", "EntityAbstract.Core\EntityAbstract.Core.Android\EntityAbstract.Core.Android.csproj", "{65D4420C-6667-4ACC-8A06-D8D3BAB637E1}"
EndProject

Project("{FAE04EC0-301F-11D3-BF4B-00C04F79EFBC}") = "EntityAbstract.Core.UWP", "EntityAbstract.Core\EntityAbstract.Core.UWP\EntityAbstract.Core.UWP.csproj", "{BF74BC31-4573-4468-91C7-7349EBE4DA16}"
EndProject

Global
	GlobalSection(SolutionConfigurationPlatforms) = preSolution
		Ad-Hoc|Any CPU = Ad-Hoc|Any CPU
		Ad-Hoc|ARM = Ad-Hoc|ARM
		Ad-Hoc|iPhone = Ad-Hoc|iPhone
		Ad-Hoc|iPhoneSimulator = Ad-Hoc|iPhoneSimulator
		Ad-Hoc|x64 = Ad-Hoc|x64
		Ad-Hoc|x86 = Ad-Hoc|x86
		AppStore|Any CPU = AppStore|Any CPU
		AppStore|ARM = AppStore|ARM
		AppStore|iPhone = AppStore|iPhone
		AppStore|iPhoneSimulator = AppStore|iPhoneSimulator
		AppStore|x64 = AppStore|x64
		AppStore|x86 = AppStore|x86
		Debug|Any CPU = Debug|Any CPU
		Debug|ARM = Debug|ARM
		Debug|iPhone = Debug|iPhone
		Debug|iPhoneSimulator = Debug|iPhoneSimulator
		Debug|x64 = Debug|x64
		Debug|x86 = Debug|x86
		Release|Any CPU = Release|Any CPU
		Release|ARM = Release|ARM
		Release|iPhone = Release|iPhone
		Release|iPhoneSimulator = Release|iPhoneSimulator
		Release|x64 = Release|x64
		Release|x86 = Release|x86
	EndGlobalSection
	GlobalSection(ProjectConfigurationPlatforms) = postSolution
		{44E61060-5669-4D5F-9626-A913D89B89EB}.Ad-Hoc|Any CPU.ActiveCfg = Debug|Any CPU
		{44E61060-5669-4D5F-9626-A913D89B89EB}.Ad-Hoc|Any CPU.Build.0 = Debug|Any CPU
		{44E61060-5669-4D5F-9626-A913D89B89EB}.Ad-Hoc|ARM.ActiveCfg = Debug|Any CPU
		{44E61060-5669-4D5F-9626-A913D89B89EB}.Ad-Hoc|ARM.Build.0 = Debug|Any CPU
		{44E61060-5669-4D5F-9626-A913D89B89EB}.Ad-Hoc|iPhone.ActiveCfg = Debug|Any CPU
		{44E61060-5669-4D5F-9626-A913D89B89EB}.Ad-Hoc|iPhone.Build.0 = Debug|Any CPU
		{44E61060-5669-4D5F-9626-A913D89B89EB}.Ad-Hoc|iPhoneSimulator.ActiveCfg = Debug|Any CPU
		{44E61060-5669-4D5F-9626-A913D89B89EB}.Ad-Hoc|iPhoneSimulator.Build.0 = Debug|Any CPU
		{44E61060-5669-4D5F-9626-A913D89B89EB}.Ad-Hoc|x64.ActiveCfg = Debug|Any CPU
		{44E61060-5669-4D5F-9626-A913D89B89EB}.Ad-Hoc|x64.Build.0 = Debug|Any CPU
		{44E61060-5669-4D5F-9626-A913D89B89EB}.Ad-Hoc|x86.ActiveCfg = Debug|Any CPU
		{44E61060-5669-4D5F-9626-A913D89B89EB}.Ad-Hoc|x86.Build.0 = Debug|Any CPU
		{44E61060-5669-4D5F-9626-A913D89B89EB}.AppStore|Any CPU.ActiveCfg = Debug|Any CPU
		{44E61060-5669-4D5F-9626-A913D89B89EB}.AppStore|Any CPU.Build.0 = Debug|Any CPU
		{44E61060-5669-4D5F-9626-A913D89B89EB}.AppStore|ARM.ActiveCfg = Debug|Any CPU
		{44E61060-5669-4D5F-9626-A913D89B89EB}.AppStore|ARM.Build.0 = Debug|Any CPU
		{44E61060-5669-4D5F-9626-A913D89B89EB}.AppStore|iPhone.ActiveCfg = Debug|Any CPU
		{44E61060-5669-4D5F-9626-A913D89B89EB}.AppStore|iPhone.Build.0 = Debug|Any CPU
		{44E61060-5669-4D5F-9626-A913D89B89EB}.AppStore|iPhoneSimulator.ActiveCfg = Debug|Any CPU
		{44E61060-5669-4D5F-9626-A913D89B89EB}.AppStore|iPhoneSimulator.Build.0 = Debug|Any CPU
		{44E61060-5669-4D5F-9626-A913D89B89EB}.AppStore|x64.ActiveCfg = Debug|Any CPU
		{44E61060-5669-4D5F-9626-A913D89B89EB}.AppStore|x64.Build.0 = Debug|Any CPU
		{44E61060-5669-4D5F-9626-A913D89B89EB}.AppStore|x86.ActiveCfg = Debug|Any CPU
		{44E61060-5669-4D5F-9626-A913D89B89EB}.AppStore|x86.Build.0 = Debug|Any CPU
		{44E61060-5669-4D5F-9626-A913D89B89EB}.Debug|Any CPU.ActiveCfg = Debug|Any CPU
		{44E61060-5669-4D5F-9626-A913D89B89EB}.Debug|Any CPU.Build.0 = Debug|Any CPU
		{44E61060-5669-4D5F-9626-A913D89B89EB}.Debug|ARM.ActiveCfg = Debug|Any CPU
		{44E61060-5669-4D5F-9626-A913D89B89EB}.Debug|ARM.Build.0 = Debug|Any CPU
		{44E61060-5669-4D5F-9626-A913D89B89EB}.Debug|iPhone.ActiveCfg = Debug|Any CPU
		{44E61060-5669-4D5F-9626-A913D89B89EB}.Debug|iPhone.Build.0 = Debug|Any CPU
		{44E61060-5669-4D5F-9626-A913D89B89EB}.Debug|iPhoneSimulator.ActiveCfg = Debug|Any CPU
		{44E61060-5669-4D5F-9626-A913D89B89EB}.Debug|iPhoneSimulator.Build.0 = Debug|Any CPU
		{44E61060-5669-4D5F-9626-A913D89B89EB}.Debug|x64.ActiveCfg = Debug|Any CPU
		{44E61060-5669-4D5F-9626-A913D89B89EB}.Debug|x64.Build.0 = Debug|Any CPU
		{44E61060-5669-4D5F-9626-A913D89B89EB}.Debug|x86.ActiveCfg = Debug|Any CPU
		{44E61060-5669-4D5F-9626-A913D89B89EB}.Debug|x86.Build.0 = Debug|Any CPU
		{44E61060-5669-4D5F-9626-A913D89B89EB}.Release|Any CPU.ActiveCfg = Release|Any CPU
		{44E61060-5669-4D5F-9626-A913D89B89EB}.Release|Any CPU.Build.0 = Release|Any CPU
		{44E61060-5669-4D5F-9626-A913D89B89EB}.Release|ARM.ActiveCfg = Release|Any CPU
		{44E61060-5669-4D5F-9626-A913D89B89EB}.Release|ARM.Build.0 = Release|Any CPU
		{44E61060-5669-4D5F-9626-A913D89B89EB}.Release|iPhone.ActiveCfg = Release|Any CPU
		{44E61060-5669-4D5F-9626-A913D89B89EB}.Release|iPhone.Build.0 = Release|Any CPU
		{44E61060-5669-4D5F-9626-A913D89B89EB}.Release|iPhoneSimulator.ActiveCfg = Release|Any CPU
		{44E61060-5669-4D5F-9626-A913D89B89EB}.Release|iPhoneSimulator.Build.0 = Release|Any CPU
		{44E61060-5669-4D5F-9626-A913D89B89EB}.Release|x64.ActiveCfg = Release|Any CPU
		{44E61060-5669-4D5F-9626-A913D89B89EB}.Release|x64.Build.0 = Release|Any CPU
		{44E61060-5669-4D5F-9626-A913D89B89EB}.Release|x86.ActiveCfg = Release|Any CPU
		{44E61060-5669-4D5F-9626-A913D89B89EB}.Release|x86.Build.0 = Release|Any CPU
		{795E4A04-197A-4AD6-9E8B-3AF81D88DF17}.Ad-Hoc|Any CPU.ActiveCfg = Ad-Hoc|iPhone
		{795E4A04-197A-4AD6-9E8B-3AF81D88DF17}.Ad-Hoc|ARM.ActiveCfg = Ad-Hoc|iPhone
		{795E4A04-197A-4AD6-9E8B-3AF81D88DF17}.Ad-Hoc|iPhone.ActiveCfg = Ad-Hoc|iPhone
		{795E4A04-197A-4AD6-9E8B-3AF81D88DF17}.Ad-Hoc|iPhone.Build.0 = Ad-Hoc|iPhone
		{795E4A04-197A-4AD6-9E8B-3AF81D88DF17}.Ad-Hoc|iPhoneSimulator.ActiveCfg = Ad-Hoc|iPhoneSimulator
		{795E4A04-197A-4AD6-9E8B-3AF81D88DF17}.Ad-Hoc|iPhoneSimulator.Build.0 = Ad-Hoc|iPhoneSimulator
		{795E4A04-197A-4AD6-9E8B-3AF81D88DF17}.Ad-Hoc|x64.ActiveCfg = Ad-Hoc|iPhone
		{795E4A04-197A-4AD6-9E8B-3AF81D88DF17}.Ad-Hoc|x86.ActiveCfg = Ad-Hoc|iPhone
		{795E4A04-197A-4AD6-9E8B-3AF81D88DF17}.AppStore|Any CPU.ActiveCfg = AppStore|iPhone
		{795E4A04-197A-4AD6-9E8B-3AF81D88DF17}.AppStore|ARM.ActiveCfg = AppStore|iPhone
		{795E4A04-197A-4AD6-9E8B-3AF81D88DF17}.AppStore|iPhone.ActiveCfg = AppStore|iPhone
		{795E4A04-197A-4AD6-9E8B-3AF81D88DF17}.AppStore|iPhone.Build.0 = AppStore|iPhone
		{795E4A04-197A-4AD6-9E8B-3AF81D88DF17}.AppStore|iPhoneSimulator.ActiveCfg = AppStore|iPhoneSimulator
		{795E4A04-197A-4AD6-9E8B-3AF81D88DF17}.AppStore|iPhoneSimulator.Build.0 = AppStore|iPhoneSimulator
		{795E4A04-197A-4AD6-9E8B-3AF81D88DF17}.AppStore|x64.ActiveCfg = AppStore|iPhone
		{795E4A04-197A-4AD6-9E8B-3AF81D88DF17}.AppStore|x86.ActiveCfg = AppStore|iPhone
		{795E4A04-197A-4AD6-9E8B-3AF81D88DF17}.Debug|Any CPU.ActiveCfg = Debug|iPhone
		{795E4A04-197A-4AD6-9E8B-3AF81D88DF17}.Debug|ARM.ActiveCfg = Debug|iPhone
		{795E4A04-197A-4AD6-9E8B-3AF81D88DF17}.Debug|iPhone.ActiveCfg = Debug|iPhone
		{795E4A04-197A-4AD6-9E8B-3AF81D88DF17}.Debug|iPhone.Build.0 = Debug|iPhone
		{795E4A04-197A-4AD6-9E8B-3AF81D88DF17}.Debug|iPhoneSimulator.ActiveCfg = Debug|iPhoneSimulator
		{795E4A04-197A-4AD6-9E8B-3AF81D88DF17}.Debug|iPhoneSimulator.Build.0 = Debug|iPhoneSimulator
		{795E4A04-197A-4AD6-9E8B-3AF81D88DF17}.Debug|x64.ActiveCfg = Debug|iPhone
		{795E4A04-197A-4AD6-9E8B-3AF81D88DF17}.Debug|x86.ActiveCfg = Debug|iPhone
		{795E4A04-197A-4AD6-9E8B-3AF81D88DF17}.Release|Any CPU.ActiveCfg = Release|iPhone
		{795E4A04-197A-4AD6-9E8B-3AF81D88DF17}.Release|ARM.ActiveCfg = Release|iPhone
		{795E4A04-197A-4AD6-9E8B-3AF81D88DF17}.Release|iPhone.ActiveCfg = Release|iPhone
		{795E4A04-197A-4AD6-9E8B-3AF81D88DF17}.Release|iPhone.Build.0 = Release|iPhone
		{795E4A04-197A-4AD6-9E8B-3AF81D88DF17}.Release|iPhoneSimulator.ActiveCfg = Release|iPhoneSimulator
		{795E4A04-197A-4AD6-9E8B-3AF81D88DF17}.Release|iPhoneSimulator.Build.0 = Release|iPhoneSimulator
		{795E4A04-197A-4AD6-9E8B-3AF81D88DF17}.Release|x64.ActiveCfg = Release|iPhone
		{795E4A04-197A-4AD6-9E8B-3AF81D88DF17}.Release|x86.ActiveCfg = Release|iPhone
		{BF74BC31-4573-4468-91C7-7349EBE4DA16}.Ad-Hoc|Any CPU.ActiveCfg = Release|x86
		{BF74BC31-4573-4468-91C7-7349EBE4DA16}.Ad-Hoc|Any CPU.Build.0 = Release|x86
		{BF74BC31-4573-4468-91C7-7349EBE4DA16}.Ad-Hoc|Any CPU.Deploy.0 = Release|x86
		{BF74BC31-4573-4468-91C7-7349EBE4DA16}.Ad-Hoc|ARM.ActiveCfg = Release|ARM
		{BF74BC31-4573-4468-91C7-7349EBE4DA16}.Ad-Hoc|ARM.Build.0 = Release|ARM
		{BF74BC31-4573-4468-91C7-7349EBE4DA16}.Ad-Hoc|ARM.Deploy.0 = Release|ARM
		{BF74BC31-4573-4468-91C7-7349EBE4DA16}.Ad-Hoc|iPhone.ActiveCfg = Release|x86
		{BF74BC31-4573-4468-91C7-7349EBE4DA16}.Ad-Hoc|iPhone.Build.0 = Release|x86
		{BF74BC31-4573-4468-91C7-7349EBE4DA16}.Ad-Hoc|iPhone.Deploy.0 = Release|x86
		{BF74BC31-4573-4468-91C7-7349EBE4DA16}.Ad-Hoc|iPhoneSimulator.ActiveCfg = Release|x86
		{BF74BC31-4573-4468-91C7-7349EBE4DA16}.Ad-Hoc|iPhoneSimulator.Build.0 = Release|x86
		{BF74BC31-4573-4468-91C7-7349EBE4DA16}.Ad-Hoc|iPhoneSimulator.Deploy.0 = Release|x86
		{BF74BC31-4573-4468-91C7-7349EBE4DA16}.Ad-Hoc|x64.ActiveCfg = Release|x64
		{BF74BC31-4573-4468-91C7-7349EBE4DA16}.Ad-Hoc|x64.Build.0 = Release|x64
		{BF74BC31-4573-4468-91C7-7349EBE4DA16}.Ad-Hoc|x64.Deploy.0 = Release|x64
		{BF74BC31-4573-4468-91C7-7349EBE4DA16}.Ad-Hoc|x86.ActiveCfg = Release|x86
		{BF74BC31-4573-4468-91C7-7349EBE4DA16}.Ad-Hoc|x86.Build.0 = Release|x86
		{BF74BC31-4573-4468-91C7-7349EBE4DA16}.Ad-Hoc|x86.Deploy.0 = Release|x86
		{BF74BC31-4573-4468-91C7-7349EBE4DA16}.AppStore|Any CPU.ActiveCfg = Release|x86
		{BF74BC31-4573-4468-91C7-7349EBE4DA16}.AppStore|Any CPU.Build.0 = Release|x86
		{BF74BC31-4573-4468-91C7-7349EBE4DA16}.AppStore|Any CPU.Deploy.0 = Release|x86
		{BF74BC31-4573-4468-91C7-7349EBE4DA16}.AppStore|ARM.ActiveCfg = Release|ARM
		{BF74BC31-4573-4468-91C7-7349EBE4DA16}.AppStore|ARM.Build.0 = Release|ARM
		{BF74BC31-4573-4468-91C7-7349EBE4DA16}.AppStore|ARM.Deploy.0 = Release|ARM
		{BF74BC31-4573-4468-91C7-7349EBE4DA16}.AppStore|iPhone.ActiveCfg = Release|x86
		{BF74BC31-4573-4468-91C7-7349EBE4DA16}.AppStore|iPhone.Build.0 = Release|x86
		{BF74BC31-4573-4468-91C7-7349EBE4DA16}.AppStore|iPhone.Deploy.0 = Release|x86
		{BF74BC31-4573-4468-91C7-7349EBE4DA16}.AppStore|iPhoneSimulator.ActiveCfg = Release|x86
		{BF74BC31-4573-4468-91C7-7349EBE4DA16}.AppStore|iPhoneSimulator.Build.0 = Release|x86
		{BF74BC31-4573-4468-91C7-7349EBE4DA16}.AppStore|iPhoneSimulator.Deploy.0 = Release|x86
		{BF74BC31-4573-4468-91C7-7349EBE4DA16}.AppStore|x64.ActiveCfg = Release|x64
		{BF74BC31-4573-4468-91C7-7349EBE4DA16}.AppStore|x64.Build.0 = Release|x64
		{BF74BC31-4573-4468-91C7-7349EBE4DA16}.AppStore|x64.Deploy.0 = Release|x64
		{BF74BC31-4573-4468-91C7-7349EBE4DA16}.AppStore|x86.ActiveCfg = Release|x86
		{BF74BC31-4573-4468-91C7-7349EBE4DA16}.AppStore|x86.Build.0 = Release|x86
		{BF74BC31-4573-4468-91C7-7349EBE4DA16}.AppStore|x86.Deploy.0 = Release|x86
		{BF74BC31-4573-4468-91C7-7349EBE4DA16}.Debug|Any CPU.ActiveCfg = Debug|x86
		{BF74BC31-4573-4468-91C7-7349EBE4DA16}.Debug|ARM.ActiveCfg = Debug|ARM
		{BF74BC31-4573-4468-91C7-7349EBE4DA16}.Debug|ARM.Build.0 = Debug|ARM
		{BF74BC31-4573-4468-91C7-7349EBE4DA16}.Debug|ARM.Deploy.0 = Debug|ARM
		{BF74BC31-4573-4468-91C7-7349EBE4DA16}.Debug|iPhone.ActiveCfg = Debug|x86
		{BF74BC31-4573-4468-91C7-7349EBE4DA16}.Debug|iPhoneSimulator.ActiveCfg = Debug|x86
		{BF74BC31-4573-4468-91C7-7349EBE4DA16}.Debug|x64.ActiveCfg = Debug|x64
		{BF74BC31-4573-4468-91C7-7349EBE4DA16}.Debug|x64.Build.0 = Debug|x64
		{BF74BC31-4573-4468-91C7-7349EBE4DA16}.Debug|x64.Deploy.0 = Debug|x64
		{BF74BC31-4573-4468-91C7-7349EBE4DA16}.Debug|x86.ActiveCfg = Debug|x86
		{BF74BC31-4573-4468-91C7-7349EBE4DA16}.Debug|x86.Build.0 = Debug|x86
		{BF74BC31-4573-4468-91C7-7349EBE4DA16}.Debug|x86.Deploy.0 = Debug|x86
		{BF74BC31-4573-4468-91C7-7349EBE4DA16}.Release|Any CPU.ActiveCfg = Release|x86
		{BF74BC31-4573-4468-91C7-7349EBE4DA16}.Release|ARM.ActiveCfg = Release|ARM
		{BF74BC31-4573-4468-91C7-7349EBE4DA16}.Release|ARM.Build.0 = Release|ARM
		{BF74BC31-4573-4468-91C7-7349EBE4DA16}.Release|ARM.Deploy.0 = Release|ARM
		{BF74BC31-4573-4468-91C7-7349EBE4DA16}.Release|iPhone.ActiveCfg = Release|x86
		{BF74BC31-4573-4468-91C7-7349EBE4DA16}.Release|iPhoneSimulator.ActiveCfg = Release|x86
		{BF74BC31-4573-4468-91C7-7349EBE4DA16}.Release|x64.ActiveCfg = Release|x64
		{BF74BC31-4573-4468-91C7-7349EBE4DA16}.Release|x64.Build.0 = Release|x64
		{BF74BC31-4573-4468-91C7-7349EBE4DA16}.Release|x64.Deploy.0 = Release|x64
		{BF74BC31-4573-4468-91C7-7349EBE4DA16}.Release|x86.ActiveCfg = Release|x86
		{BF74BC31-4573-4468-91C7-7349EBE4DA16}.Release|x86.Build.0 = Release|x86
		{BF74BC31-4573-4468-91C7-7349EBE4DA16}.Release|x86.Deploy.0 = Release|x86
		{20FDA6ED-B68E-4610-807B-F358668F181E}.Ad-Hoc|Any CPU.ActiveCfg = Release|Any CPU
		{20FDA6ED-B68E-4610-807B-F358668F181E}.Ad-Hoc|Any CPU.Build.0 = Release|Any CPU
		{20FDA6ED-B68E-4610-807B-F358668F181E}.Ad-Hoc|Any CPU.Deploy.0 = Release|Any CPU
		{20FDA6ED-B68E-4610-807B-F358668F181E}.Ad-Hoc|ARM.ActiveCfg = Release|Any CPU
		{20FDA6ED-B68E-4610-807B-F358668F181E}.Ad-Hoc|ARM.Build.0 = Release|Any CPU
		{20FDA6ED-B68E-4610-807B-F358668F181E}.Ad-Hoc|ARM.Deploy.0 = Release|Any CPU
		{20FDA6ED-B68E-4610-807B-F358668F181E}.Ad-Hoc|iPhone.ActiveCfg = Release|Any CPU
		{20FDA6ED-B68E-4610-807B-F358668F181E}.Ad-Hoc|iPhone.Build.0 = Release|Any CPU
		{20FDA6ED-B68E-4610-807B-F358668F181E}.Ad-Hoc|iPhone.Deploy.0 = Release|Any CPU
		{20FDA6ED-B68E-4610-807B-F358668F181E}.Ad-Hoc|iPhoneSimulator.ActiveCfg = Release|Any CPU
		{20FDA6ED-B68E-4610-807B-F358668F181E}.Ad-Hoc|iPhoneSimulator.Build.0 = Release|Any CPU
		{20FDA6ED-B68E-4610-807B-F358668F181E}.Ad-Hoc|iPhoneSimulator.Deploy.0 = Release|Any CPU
		{20FDA6ED-B68E-4610-807B-F358668F181E}.Ad-Hoc|x64.ActiveCfg = Release|Any CPU
		{20FDA6ED-B68E-4610-807B-F358668F181E}.Ad-Hoc|x64.Build.0 = Release|Any CPU
		{20FDA6ED-B68E-4610-807B-F358668F181E}.Ad-Hoc|x64.Deploy.0 = Release|Any CPU
		{20FDA6ED-B68E-4610-807B-F358668F181E}.Ad-Hoc|x86.ActiveCfg = Release|Any CPU
		{20FDA6ED-B68E-4610-807B-F358668F181E}.Ad-Hoc|x86.Build.0 = Release|Any CPU
		{20FDA6ED-B68E-4610-807B-F358668F181E}.Ad-Hoc|x86.Deploy.0 = Release|Any CPU
		{20FDA6ED-B68E-4610-807B-F358668F181E}.AppStore|Any CPU.ActiveCfg = Release|Any CPU
		{20FDA6ED-B68E-4610-807B-F358668F181E}.AppStore|Any CPU.Build.0 = Release|Any CPU
		{20FDA6ED-B68E-4610-807B-F358668F181E}.AppStore|Any CPU.Deploy.0 = Release|Any CPU
		{20FDA6ED-B68E-4610-807B-F358668F181E}.AppStore|ARM.ActiveCfg = Release|Any CPU
		{20FDA6ED-B68E-4610-807B-F358668F181E}.AppStore|ARM.Build.0 = Release|Any CPU
		{20FDA6ED-B68E-4610-807B-F358668F181E}.AppStore|ARM.Deploy.0 = Release|Any CPU
		{20FDA6ED-B68E-4610-807B-F358668F181E}.AppStore|iPhone.ActiveCfg = Release|Any CPU
		{20FDA6ED-B68E-4610-807B-F358668F181E}.AppStore|iPhone.Build.0 = Release|Any CPU
		{20FDA6ED-B68E-4610-807B-F358668F181E}.AppStore|iPhone.Deploy.0 = Release|Any CPU
		{20FDA6ED-B68E-4610-807B-F358668F181E}.AppStore|iPhoneSimulator.ActiveCfg = Release|Any CPU
		{20FDA6ED-B68E-4610-807B-F358668F181E}.AppStore|iPhoneSimulator.Build.0 = Release|Any CPU
		{20FDA6ED-B68E-4610-807B-F358668F181E}.AppStore|iPhoneSimulator.Deploy.0 = Release|Any CPU
		{20FDA6ED-B68E-4610-807B-F358668F181E}.AppStore|x64.ActiveCfg = Release|Any CPU
		{20FDA6ED-B68E-4610-807B-F358668F181E}.AppStore|x64.Build.0 = Release|Any CPU
		{20FDA6ED-B68E-4610-807B-F358668F181E}.AppStore|x64.Deploy.0 = Release|Any CPU
		{20FDA6ED-B68E-4610-807B-F358668F181E}.AppStore|x86.ActiveCfg = Release|Any CPU
		{20FDA6ED-B68E-4610-807B-F358668F181E}.AppStore|x86.Build.0 = Release|Any CPU
		{20FDA6ED-B68E-4610-807B-F358668F181E}.AppStore|x86.Deploy.0 = Release|Any CPU
		{20FDA6ED-B68E-4610-807B-F358668F181E}.Debug|Any CPU.ActiveCfg = Debug|Any CPU
		{20FDA6ED-B68E-4610-807B-F358668F181E}.Debug|Any CPU.Build.0 = Debug|Any CPU
		{20FDA6ED-B68E-4610-807B-F358668F181E}.Debug|Any CPU.Deploy.0 = Debug|Any CPU
		{20FDA6ED-B68E-4610-807B-F358668F181E}.Debug|ARM.ActiveCfg = Debug|Any CPU
		{20FDA6ED-B68E-4610-807B-F358668F181E}.Debug|ARM.Build.0 = Debug|Any CPU
		{20FDA6ED-B68E-4610-807B-F358668F181E}.Debug|ARM.Deploy.0 = Debug|Any CPU
		{20FDA6ED-B68E-4610-807B-F358668F181E}.Debug|iPhone.ActiveCfg = Debug|Any CPU
		{20FDA6ED-B68E-4610-807B-F358668F181E}.Debug|iPhone.Build.0 = Debug|Any CPU
		{20FDA6ED-B68E-4610-807B-F358668F181E}.Debug|iPhone.Deploy.0 = Debug|Any CPU
		{20FDA6ED-B68E-4610-807B-F358668F181E}.Debug|iPhoneSimulator.ActiveCfg = Debug|Any CPU
		{20FDA6ED-B68E-4610-807B-F358668F181E}.Debug|iPhoneSimulator.Build.0 = Debug|Any CPU
		{20FDA6ED-B68E-4610-807B-F358668F181E}.Debug|iPhoneSimulator.Deploy.0 = Debug|Any CPU
		{20FDA6ED-B68E-4610-807B-F358668F181E}.Debug|x64.ActiveCfg = Debug|Any CPU
		{20FDA6ED-B68E-4610-807B-F358668F181E}.Debug|x64.Build.0 = Debug|Any CPU
		{20FDA6ED-B68E-4610-807B-F358668F181E}.Debug|x64.Deploy.0 = Debug|Any CPU
		{20FDA6ED-B68E-4610-807B-F358668F181E}.Debug|x86.ActiveCfg = Debug|Any CPU
		{20FDA6ED-B68E-4610-807B-F358668F181E}.Debug|x86.Build.0 = Debug|Any CPU
		{20FDA6ED-B68E-4610-807B-F358668F181E}.Debug|x86.Deploy.0 = Debug|Any CPU
		{20FDA6ED-B68E-4610-807B-F358668F181E}.Release|Any CPU.ActiveCfg = Release|Any CPU
		{20FDA6ED-B68E-4610-807B-F358668F181E}.Release|Any CPU.Build.0 = Release|Any CPU
		{20FDA6ED-B68E-4610-807B-F358668F181E}.Release|Any CPU.Deploy.0 = Release|Any CPU
		{20FDA6ED-B68E-4610-807B-F358668F181E}.Release|ARM.ActiveCfg = Release|Any CPU
		{20FDA6ED-B68E-4610-807B-F358668F181E}.Release|ARM.Build.0 = Release|Any CPU
		{20FDA6ED-B68E-4610-807B-F358668F181E}.Release|ARM.Deploy.0 = Release|Any CPU
		{20FDA6ED-B68E-4610-807B-F358668F181E}.Release|iPhone.ActiveCfg = Release|Any CPU
		{20FDA6ED-B68E-4610-807B-F358668F181E}.Release|iPhone.Build.0 = Release|Any CPU
		{20FDA6ED-B68E-4610-807B-F358668F181E}.Release|iPhone.Deploy.0 = Release|Any CPU
		{20FDA6ED-B68E-4610-807B-F358668F181E}.Release|iPhoneSimulator.ActiveCfg = Release|Any CPU
		{20FDA6ED-B68E-4610-807B-F358668F181E}.Release|iPhoneSimulator.Build.0 = Release|Any CPU
		{20FDA6ED-B68E-4610-807B-F358668F181E}.Release|iPhoneSimulator.Deploy.0 = Release|Any CPU
		{20FDA6ED-B68E-4610-807B-F358668F181E}.Release|x64.ActiveCfg = Release|Any CPU
		{20FDA6ED-B68E-4610-807B-F358668F181E}.Release|x64.Build.0 = Release|Any CPU
		{20FDA6ED-B68E-4610-807B-F358668F181E}.Release|x64.Deploy.0 = Release|Any CPU
		{20FDA6ED-B68E-4610-807B-F358668F181E}.Release|x86.ActiveCfg = Release|Any CPU
		{20FDA6ED-B68E-4610-807B-F358668F181E}.Release|x86.Build.0 = Release|Any CPU
		{20FDA6ED-B68E-4610-807B-F358668F181E}.Release|x86.Deploy.0 = Release|Any CPU
		{B445DF73-AC9E-4276-9FBA-7CB5AD5D2518}.Ad-Hoc|Any CPU.ActiveCfg = Release|Any CPU
		{B445DF73-AC9E-4276-9FBA-7CB5AD5D2518}.Ad-Hoc|Any CPU.Build.0 = Release|Any CPU
		{B445DF73-AC9E-4276-9FBA-7CB5AD5D2518}.Ad-Hoc|ARM.ActiveCfg = Release|Any CPU
		{B445DF73-AC9E-4276-9FBA-7CB5AD5D2518}.Ad-Hoc|ARM.Build.0 = Release|Any CPU
		{B445DF73-AC9E-4276-9FBA-7CB5AD5D2518}.Ad-Hoc|iPhone.ActiveCfg = Release|Any CPU
		{B445DF73-AC9E-4276-9FBA-7CB5AD5D2518}.Ad-Hoc|iPhone.Build.0 = Release|Any CPU
		{B445DF73-AC9E-4276-9FBA-7CB5AD5D2518}.Ad-Hoc|iPhoneSimulator.ActiveCfg = Release|Any CPU
		{B445DF73-AC9E-4276-9FBA-7CB5AD5D2518}.Ad-Hoc|iPhoneSimulator.Build.0 = Release|Any CPU
		{B445DF73-AC9E-4276-9FBA-7CB5AD5D2518}.Ad-Hoc|x64.ActiveCfg = Release|Any CPU
		{B445DF73-AC9E-4276-9FBA-7CB5AD5D2518}.Ad-Hoc|x64.Build.0 = Release|Any CPU
		{B445DF73-AC9E-4276-9FBA-7CB5AD5D2518}.Ad-Hoc|x86.ActiveCfg = Release|Any CPU
		{B445DF73-AC9E-4276-9FBA-7CB5AD5D2518}.Ad-Hoc|x86.Build.0 = Release|Any CPU
		{B445DF73-AC9E-4276-9FBA-7CB5AD5D2518}.AppStore|Any CPU.ActiveCfg = Release|Any CPU
		{B445DF73-AC9E-4276-9FBA-7CB5AD5D2518}.AppStore|Any CPU.Build.0 = Release|Any CPU
		{B445DF73-AC9E-4276-9FBA-7CB5AD5D2518}.AppStore|ARM.ActiveCfg = Release|Any CPU
		{B445DF73-AC9E-4276-9FBA-7CB5AD5D2518}.AppStore|ARM.Build.0 = Release|Any CPU
		{B445DF73-AC9E-4276-9FBA-7CB5AD5D2518}.AppStore|iPhone.ActiveCfg = Release|Any CPU
		{B445DF73-AC9E-4276-9FBA-7CB5AD5D2518}.AppStore|iPhone.Build.0 = Release|Any CPU
		{B445DF73-AC9E-4276-9FBA-7CB5AD5D2518}.AppStore|iPhoneSimulator.ActiveCfg = Release|Any CPU
		{B445DF73-AC9E-4276-9FBA-7CB5AD5D2518}.AppStore|iPhoneSimulator.Build.0 = Release|Any CPU
		{B445DF73-AC9E-4276-9FBA-7CB5AD5D2518}.AppStore|x64.ActiveCfg = Release|Any CPU
		{B445DF73-AC9E-4276-9FBA-7CB5AD5D2518}.AppStore|x64.Build.0 = Release|Any CPU
		{B445DF73-AC9E-4276-9FBA-7CB5AD5D2518}.AppStore|x86.ActiveCfg = Release|Any CPU
		{B445DF73-AC9E-4276-9FBA-7CB5AD5D2518}.AppStore|x86.Build.0 = Release|Any CPU
		{B445DF73-AC9E-4276-9FBA-7CB5AD5D2518}.Debug|Any CPU.ActiveCfg = Debug|Any CPU
		{B445DF73-AC9E-4276-9FBA-7CB5AD5D2518}.Debug|Any CPU.Build.0 = Debug|Any CPU
		{B445DF73-AC9E-4276-9FBA-7CB5AD5D2518}.Debug|ARM.ActiveCfg = Debug|Any CPU
		{B445DF73-AC9E-4276-9FBA-7CB5AD5D2518}.Debug|ARM.Build.0 = Debug|Any CPU
		{B445DF73-AC9E-4276-9FBA-7CB5AD5D2518}.Debug|iPhone.ActiveCfg = Debug|Any CPU
		{B445DF73-AC9E-4276-9FBA-7CB5AD5D2518}.Debug|iPhone.Build.0 = Debug|Any CPU
		{B445DF73-AC9E-4276-9FBA-7CB5AD5D2518}.Debug|iPhoneSimulator.ActiveCfg = Debug|Any CPU
		{B445DF73-AC9E-4276-9FBA-7CB5AD5D2518}.Debug|iPhoneSimulator.Build.0 = Debug|Any CPU
		{B445DF73-AC9E-4276-9FBA-7CB5AD5D2518}.Debug|x64.ActiveCfg = Debug|Any CPU
		{B445DF73-AC9E-4276-9FBA-7CB5AD5D2518}.Debug|x64.Build.0 = Debug|Any CPU
		{B445DF73-AC9E-4276-9FBA-7CB5AD5D2518}.Debug|x86.ActiveCfg = Debug|Any CPU
		{B445DF73-AC9E-4276-9FBA-7CB5AD5D2518}.Debug|x86.Build.0 = Debug|Any CPU
		{B445DF73-AC9E-4276-9FBA-7CB5AD5D2518}.Release|Any CPU.ActiveCfg = Release|Any CPU
		{B445DF73-AC9E-4276-9FBA-7CB5AD5D2518}.Release|Any CPU.Build.0 = Release|Any CPU
		{B445DF73-AC9E-4276-9FBA-7CB5AD5D2518}.Release|ARM.ActiveCfg = Release|Any CPU
		{B445DF73-AC9E-4276-9FBA-7CB5AD5D2518}.Release|ARM.Build.0 = Release|Any CPU
		{B445DF73-AC9E-4276-9FBA-7CB5AD5D2518}.Release|iPhone.ActiveCfg = Release|Any CPU
		{B445DF73-AC9E-4276-9FBA-7CB5AD5D2518}.Release|iPhone.Build.0 = Release|Any CPU
		{B445DF73-AC9E-4276-9FBA-7CB5AD5D2518}.Release|iPhoneSimulator.ActiveCfg = Release|Any CPU
		{B445DF73-AC9E-4276-9FBA-7CB5AD5D2518}.Release|iPhoneSimulator.Build.0 = Release|Any CPU
		{B445DF73-AC9E-4276-9FBA-7CB5AD5D2518}.Release|x64.ActiveCfg = Release|Any CPU
		{B445DF73-AC9E-4276-9FBA-7CB5AD5D2518}.Release|x64.Build.0 = Release|Any CPU
		{B445DF73-AC9E-4276-9FBA-7CB5AD5D2518}.Release|x86.ActiveCfg = Release|Any CPU
		{B445DF73-AC9E-4276-9FBA-7CB5AD5D2518}.Release|x86.Build.0 = Release|Any CPU
	EndGlobalSection
	GlobalSection(SolutionProperties) = preSolution
		HideSolutionNode = FALSE
	EndGlobalSection
	GlobalSection(ExtensibilityGlobals) = postSolution
		SolutionGuid = {F6D05029-56B8-4E45-AF2D-0E76295DDBA2}
	EndGlobalSection
EndGlobal
