
Microsoft Visual Studio Solution File, Format Version 12.00
# Visual Studio 15
VisualStudioVersion = 15.0.27130.2036
MinimumVisualStudioVersion = 10.0.40219.1
Project("{9A19103F-16F7-4668-BE54-9A1E7A4F7556}") = "EntityAbstract.Web", "EntityAbstract.Web\EntityAbstract.Web.csproj", "{8022CA7C-53D5-4329-8DBE-85E9B2A81F0D}"
EndProject
Project("{2150E333-8FDC-42A3-9474-1A3956D46DE8}") = "CoreShared", "CoreShared", "{B3A35217-BFCF-461C-8099-B70BF5F7BBC1}"
EndProject
Project("{2150E333-8FDC-42A3-9474-1A3956D46DE8}") = "PageWeb", "PageWeb", "{AE300528-905C-40BE-9A20-4ADCA85ECD88}"
EndProject
Project("{2150E333-8FDC-42A3-9474-1A3956D46DE8}") = "Shared.Core", "Shared.Core", "{E9BA8ADA-F798-4631-AFA8-CE8C8423591A}"
EndProject
Project("{2150E333-8FDC-42A3-9474-1A3956D46DE8}") = "Ea", "Ea", "{9DC2CD71-E50E-4079-917C-EBD83BCDD9DF}"
EndProject
Project("{9A19103F-16F7-4668-BE54-9A1E7A4F7556}") = "SharedEA.Data", "SharedEA.Data\SharedEA.Data.csproj", "{1D854E51-2389-4963-A1A5-4762F7224993}"
EndProject
Project("{9A19103F-16F7-4668-BE54-9A1E7A4F7556}") = "SharedEA.Core.Data", "SharedEA.Core.Data\SharedEA.Core.Data.csproj", "{5296C6B3-948B-4C89-90E9-CD57AB0B9EAB}"
EndProject
Project("{9A19103F-16F7-4668-BE54-9A1E7A4F7556}") = "SharedEA.Service", "SharedEA.Core.Service\SharedEA.Service.csproj", "{4195FBFE-6138-41DE-B258-9C42AAAF029C}"
EndProject
Project("{9A19103F-16F7-4668-BE54-9A1E7A4F7556}") = "SharedEA.Core.WebApi", "SharedEA.Core.WebApi\SharedEA.Core.WebApi.csproj", "{6F807DCB-482F-4FA6-B14B-22BA4FE334B7}"
EndProject
Project("{9A19103F-16F7-4668-BE54-9A1E7A4F7556}") = "SharedEA.Core.Web", "SharedEA.Core.Web\SharedEA.Core.Web.csproj", "{B63582D1-1156-405D-83A1-0491C08CCF7A}"
EndProject
Project("{2150E333-8FDC-42A3-9474-1A3956D46DE8}") = "ThreeCreateWeb", "ThreeCreateWeb", "{8B69D738-DEF0-4A5D-96D8-61EDC081540C}"
EndProject
Project("{FAE04EC0-301F-11D3-BF4B-00C04F79EFBC}") = "DOA.Web", "DOA.Web\DOA.Web.csproj", "{FC01C1FB-C2D5-4F71-A4DF-8532B2EDEE09}"
EndProject
Project("{9A19103F-16F7-4668-BE54-9A1E7A4F7556}") = "Shared.Core.Api", "Shared.Core.Api\Shared.Core.Api.csproj", "{E6E77CD5-77EA-4E1C-A4BA-F72A5AC82B0E}"
EndProject
Project("{2150E333-8FDC-42A3-9474-1A3956D46DE8}") = "Test", "Test", "{25D33B6C-50F8-464E-92A0-983B531D5EC0}"
EndProject
Project("{9A19103F-16F7-4668-BE54-9A1E7A4F7556}") = "ApiTest", "ApiTest\ApiTest.csproj", "{FDB62C45-DB84-492D-BFDD-0C86F664DF5A}"
EndProject
Project("{2150E333-8FDC-42A3-9474-1A3956D46DE8}") = "Platform", "Platform", "{C8ECBE05-BC87-4A4B-954E-0E5CE08B6D7F}"
EndProject
Project("{9A19103F-16F7-4668-BE54-9A1E7A4F7556}") = "Shared.Core.Interactive", "Shared.Core.Interactive\Shared.Core.Interactive.csproj", "{61628BEE-6FFD-4AB9-93D9-98512D92AB71}"
EndProject
Project("{9A19103F-16F7-4668-BE54-9A1E7A4F7556}") = "SharedEA.Core.DbModel", "SharedEA.Core.DbModel\SharedEA.Core.DbModel.csproj", "{A9689314-C724-4B69-A2E8-0E90F9654C2F}"
EndProject
Project("{FAE04EC0-301F-11D3-BF4B-00C04F79EFBC}") = "EntityAbstract.Uwp", "EntityAbstract.Uwp\EntityAbstract.Uwp.csproj", "{9C1760EF-CA68-4E44-A13D-737FFADB8FDD}"
EndProject
Project("{2150E333-8FDC-42A3-9474-1A3956D46DE8}") = "Core", "Core", "{8D8D5ADE-5BA0-423F-B806-4E973942E4D2}"
EndProject
Project("{9A19103F-16F7-4668-BE54-9A1E7A4F7556}") = "EntityAbstract.Core", "EntityAbstract.Core\EntityAbstract.Core.csproj", "{F57BAC63-A7DC-4E8A-AAC0-7152AA7F7AD5}"
EndProject
Project("{9A19103F-16F7-4668-BE54-9A1E7A4F7556}") = "Mvvmlighting", "Mvvmlighting\Mvvmlighting.csproj", "{0EFD293A-6CD2-4D3D-ABE3-5FFDC84716E2}"
EndProject
Project("{FAE04EC0-301F-11D3-BF4B-00C04F79EFBC}") = "Android.MvvmTest", "Android.MvvmTest\Android.MvvmTest.csproj", "{DDA1BB01-E8F7-4BC9-8D47-E528C06452FF}"
EndProject
Global
	GlobalSection(SolutionConfigurationPlatforms) = preSolution
		Ad-Hoc|Any CPU = Ad-Hoc|Any CPU
		Ad-Hoc|ARM = Ad-Hoc|ARM
		Ad-Hoc|iPhone = Ad-Hoc|iPhone
		Ad-Hoc|iPhoneSimulator = Ad-Hoc|iPhoneSimulator
		Ad-Hoc|x64 = Ad-Hoc|x64
		Ad-Hoc|x86 = Ad-Hoc|x86
		AppStore|Any CPU = AppStore|Any CPU
		AppStore|ARM = AppStore|ARM
		AppStore|iPhone = AppStore|iPhone
		AppStore|iPhoneSimulator = AppStore|iPhoneSimulator
		AppStore|x64 = AppStore|x64
		AppStore|x86 = AppStore|x86
		Debug|Any CPU = Debug|Any CPU
		Debug|ARM = Debug|ARM
		Debug|iPhone = Debug|iPhone
		Debug|iPhoneSimulator = Debug|iPhoneSimulator
		Debug|x64 = Debug|x64
		Debug|x86 = Debug|x86
		Release|Any CPU = Release|Any CPU
		Release|ARM = Release|ARM
		Release|iPhone = Release|iPhone
		Release|iPhoneSimulator = Release|iPhoneSimulator
		Release|x64 = Release|x64
		Release|x86 = Release|x86
	EndGlobalSection
	GlobalSection(ProjectConfigurationPlatforms) = postSolution
		{8022CA7C-53D5-4329-8DBE-85E9B2A81F0D}.Ad-Hoc|Any CPU.ActiveCfg = Release|Any CPU
		{8022CA7C-53D5-4329-8DBE-85E9B2A81F0D}.Ad-Hoc|Any CPU.Build.0 = Release|Any CPU
		{8022CA7C-53D5-4329-8DBE-85E9B2A81F0D}.Ad-Hoc|ARM.ActiveCfg = Release|Any CPU
		{8022CA7C-53D5-4329-8DBE-85E9B2A81F0D}.Ad-Hoc|ARM.Build.0 = Release|Any CPU
		{8022CA7C-53D5-4329-8DBE-85E9B2A81F0D}.Ad-Hoc|iPhone.ActiveCfg = Release|Any CPU
		{8022CA7C-53D5-4329-8DBE-85E9B2A81F0D}.Ad-Hoc|iPhone.Build.0 = Release|Any CPU
		{8022CA7C-53D5-4329-8DBE-85E9B2A81F0D}.Ad-Hoc|iPhoneSimulator.ActiveCfg = Release|Any CPU
		{8022CA7C-53D5-4329-8DBE-85E9B2A81F0D}.Ad-Hoc|iPhoneSimulator.Build.0 = Release|Any CPU
		{8022CA7C-53D5-4329-8DBE-85E9B2A81F0D}.Ad-Hoc|x64.ActiveCfg = Release|Any CPU
		{8022CA7C-53D5-4329-8DBE-85E9B2A81F0D}.Ad-Hoc|x64.Build.0 = Release|Any CPU
		{8022CA7C-53D5-4329-8DBE-85E9B2A81F0D}.Ad-Hoc|x86.ActiveCfg = Release|Any CPU
		{8022CA7C-53D5-4329-8DBE-85E9B2A81F0D}.Ad-Hoc|x86.Build.0 = Release|Any CPU
		{8022CA7C-53D5-4329-8DBE-85E9B2A81F0D}.AppStore|Any CPU.ActiveCfg = Release|Any CPU
		{8022CA7C-53D5-4329-8DBE-85E9B2A81F0D}.AppStore|Any CPU.Build.0 = Release|Any CPU
		{8022CA7C-53D5-4329-8DBE-85E9B2A81F0D}.AppStore|ARM.ActiveCfg = Release|Any CPU
		{8022CA7C-53D5-4329-8DBE-85E9B2A81F0D}.AppStore|ARM.Build.0 = Release|Any CPU
		{8022CA7C-53D5-4329-8DBE-85E9B2A81F0D}.AppStore|iPhone.ActiveCfg = Release|Any CPU
		{8022CA7C-53D5-4329-8DBE-85E9B2A81F0D}.AppStore|iPhone.Build.0 = Release|Any CPU
		{8022CA7C-53D5-4329-8DBE-85E9B2A81F0D}.AppStore|iPhoneSimulator.ActiveCfg = Release|Any CPU
		{8022CA7C-53D5-4329-8DBE-85E9B2A81F0D}.AppStore|iPhoneSimulator.Build.0 = Release|Any CPU
		{8022CA7C-53D5-4329-8DBE-85E9B2A81F0D}.AppStore|x64.ActiveCfg = Release|Any CPU
		{8022CA7C-53D5-4329-8DBE-85E9B2A81F0D}.AppStore|x64.Build.0 = Release|Any CPU
		{8022CA7C-53D5-4329-8DBE-85E9B2A81F0D}.AppStore|x86.ActiveCfg = Release|Any CPU
		{8022CA7C-53D5-4329-8DBE-85E9B2A81F0D}.AppStore|x86.Build.0 = Release|Any CPU
		{8022CA7C-53D5-4329-8DBE-85E9B2A81F0D}.Debug|Any CPU.ActiveCfg = Debug|Any CPU
		{8022CA7C-53D5-4329-8DBE-85E9B2A81F0D}.Debug|Any CPU.Build.0 = Debug|Any CPU
		{8022CA7C-53D5-4329-8DBE-85E9B2A81F0D}.Debug|ARM.ActiveCfg = Debug|Any CPU
		{8022CA7C-53D5-4329-8DBE-85E9B2A81F0D}.Debug|ARM.Build.0 = Debug|Any CPU
		{8022CA7C-53D5-4329-8DBE-85E9B2A81F0D}.Debug|iPhone.ActiveCfg = Debug|Any CPU
		{8022CA7C-53D5-4329-8DBE-85E9B2A81F0D}.Debug|iPhone.Build.0 = Debug|Any CPU
		{8022CA7C-53D5-4329-8DBE-85E9B2A81F0D}.Debug|iPhoneSimulator.ActiveCfg = Debug|Any CPU
		{8022CA7C-53D5-4329-8DBE-85E9B2A81F0D}.Debug|iPhoneSimulator.Build.0 = Debug|Any CPU
		{8022CA7C-53D5-4329-8DBE-85E9B2A81F0D}.Debug|x64.ActiveCfg = Debug|Any CPU
		{8022CA7C-53D5-4329-8DBE-85E9B2A81F0D}.Debug|x64.Build.0 = Debug|Any CPU
		{8022CA7C-53D5-4329-8DBE-85E9B2A81F0D}.Debug|x86.ActiveCfg = Debug|Any CPU
		{8022CA7C-53D5-4329-8DBE-85E9B2A81F0D}.Debug|x86.Build.0 = Debug|Any CPU
		{8022CA7C-53D5-4329-8DBE-85E9B2A81F0D}.Release|Any CPU.ActiveCfg = Release|Any CPU
		{8022CA7C-53D5-4329-8DBE-85E9B2A81F0D}.Release|Any CPU.Build.0 = Release|Any CPU
		{8022CA7C-53D5-4329-8DBE-85E9B2A81F0D}.Release|ARM.ActiveCfg = Release|Any CPU
		{8022CA7C-53D5-4329-8DBE-85E9B2A81F0D}.Release|ARM.Build.0 = Release|Any CPU
		{8022CA7C-53D5-4329-8DBE-85E9B2A81F0D}.Release|iPhone.ActiveCfg = Release|Any CPU
		{8022CA7C-53D5-4329-8DBE-85E9B2A81F0D}.Release|iPhone.Build.0 = Release|Any CPU
		{8022CA7C-53D5-4329-8DBE-85E9B2A81F0D}.Release|iPhoneSimulator.ActiveCfg = Release|Any CPU
		{8022CA7C-53D5-4329-8DBE-85E9B2A81F0D}.Release|iPhoneSimulator.Build.0 = Release|Any CPU
		{8022CA7C-53D5-4329-8DBE-85E9B2A81F0D}.Release|x64.ActiveCfg = Release|Any CPU
		{8022CA7C-53D5-4329-8DBE-85E9B2A81F0D}.Release|x64.Build.0 = Release|Any CPU
		{8022CA7C-53D5-4329-8DBE-85E9B2A81F0D}.Release|x86.ActiveCfg = Release|Any CPU
		{8022CA7C-53D5-4329-8DBE-85E9B2A81F0D}.Release|x86.Build.0 = Release|Any CPU
		{1D854E51-2389-4963-A1A5-4762F7224993}.Ad-Hoc|Any CPU.ActiveCfg = Debug|Any CPU
		{1D854E51-2389-4963-A1A5-4762F7224993}.Ad-Hoc|Any CPU.Build.0 = Debug|Any CPU
		{1D854E51-2389-4963-A1A5-4762F7224993}.Ad-Hoc|ARM.ActiveCfg = Debug|Any CPU
		{1D854E51-2389-4963-A1A5-4762F7224993}.Ad-Hoc|ARM.Build.0 = Debug|Any CPU
		{1D854E51-2389-4963-A1A5-4762F7224993}.Ad-Hoc|iPhone.ActiveCfg = Debug|Any CPU
		{1D854E51-2389-4963-A1A5-4762F7224993}.Ad-Hoc|iPhone.Build.0 = Debug|Any CPU
		{1D854E51-2389-4963-A1A5-4762F7224993}.Ad-Hoc|iPhoneSimulator.ActiveCfg = Debug|Any CPU
		{1D854E51-2389-4963-A1A5-4762F7224993}.Ad-Hoc|iPhoneSimulator.Build.0 = Debug|Any CPU
		{1D854E51-2389-4963-A1A5-4762F7224993}.Ad-Hoc|x64.ActiveCfg = Debug|Any CPU
		{1D854E51-2389-4963-A1A5-4762F7224993}.Ad-Hoc|x64.Build.0 = Debug|Any CPU
		{1D854E51-2389-4963-A1A5-4762F7224993}.Ad-Hoc|x86.ActiveCfg = Debug|Any CPU
		{1D854E51-2389-4963-A1A5-4762F7224993}.Ad-Hoc|x86.Build.0 = Debug|Any CPU
		{1D854E51-2389-4963-A1A5-4762F7224993}.AppStore|Any CPU.ActiveCfg = Debug|Any CPU
		{1D854E51-2389-4963-A1A5-4762F7224993}.AppStore|Any CPU.Build.0 = Debug|Any CPU
		{1D854E51-2389-4963-A1A5-4762F7224993}.AppStore|ARM.ActiveCfg = Debug|Any CPU
		{1D854E51-2389-4963-A1A5-4762F7224993}.AppStore|ARM.Build.0 = Debug|Any CPU
		{1D854E51-2389-4963-A1A5-4762F7224993}.AppStore|iPhone.ActiveCfg = Debug|Any CPU
		{1D854E51-2389-4963-A1A5-4762F7224993}.AppStore|iPhone.Build.0 = Debug|Any CPU
		{1D854E51-2389-4963-A1A5-4762F7224993}.AppStore|iPhoneSimulator.ActiveCfg = Debug|Any CPU
		{1D854E51-2389-4963-A1A5-4762F7224993}.AppStore|iPhoneSimulator.Build.0 = Debug|Any CPU
		{1D854E51-2389-4963-A1A5-4762F7224993}.AppStore|x64.ActiveCfg = Debug|Any CPU
		{1D854E51-2389-4963-A1A5-4762F7224993}.AppStore|x64.Build.0 = Debug|Any CPU
		{1D854E51-2389-4963-A1A5-4762F7224993}.AppStore|x86.ActiveCfg = Debug|Any CPU
		{1D854E51-2389-4963-A1A5-4762F7224993}.AppStore|x86.Build.0 = Debug|Any CPU
		{1D854E51-2389-4963-A1A5-4762F7224993}.Debug|Any CPU.ActiveCfg = Debug|Any CPU
		{1D854E51-2389-4963-A1A5-4762F7224993}.Debug|Any CPU.Build.0 = Debug|Any CPU
		{1D854E51-2389-4963-A1A5-4762F7224993}.Debug|ARM.ActiveCfg = Debug|Any CPU
		{1D854E51-2389-4963-A1A5-4762F7224993}.Debug|ARM.Build.0 = Debug|Any CPU
		{1D854E51-2389-4963-A1A5-4762F7224993}.Debug|iPhone.ActiveCfg = Debug|Any CPU
		{1D854E51-2389-4963-A1A5-4762F7224993}.Debug|iPhone.Build.0 = Debug|Any CPU
		{1D854E51-2389-4963-A1A5-4762F7224993}.Debug|iPhoneSimulator.ActiveCfg = Debug|Any CPU
		{1D854E51-2389-4963-A1A5-4762F7224993}.Debug|iPhoneSimulator.Build.0 = Debug|Any CPU
		{1D854E51-2389-4963-A1A5-4762F7224993}.Debug|x64.ActiveCfg = Debug|Any CPU
		{1D854E51-2389-4963-A1A5-4762F7224993}.Debug|x64.Build.0 = Debug|Any CPU
		{1D854E51-2389-4963-A1A5-4762F7224993}.Debug|x86.ActiveCfg = Debug|Any CPU
		{1D854E51-2389-4963-A1A5-4762F7224993}.Debug|x86.Build.0 = Debug|Any CPU
		{1D854E51-2389-4963-A1A5-4762F7224993}.Release|Any CPU.ActiveCfg = Release|Any CPU
		{1D854E51-2389-4963-A1A5-4762F7224993}.Release|Any CPU.Build.0 = Release|Any CPU
		{1D854E51-2389-4963-A1A5-4762F7224993}.Release|ARM.ActiveCfg = Release|Any CPU
		{1D854E51-2389-4963-A1A5-4762F7224993}.Release|ARM.Build.0 = Release|Any CPU
		{1D854E51-2389-4963-A1A5-4762F7224993}.Release|iPhone.ActiveCfg = Release|Any CPU
		{1D854E51-2389-4963-A1A5-4762F7224993}.Release|iPhone.Build.0 = Release|Any CPU
		{1D854E51-2389-4963-A1A5-4762F7224993}.Release|iPhoneSimulator.ActiveCfg = Release|Any CPU
		{1D854E51-2389-4963-A1A5-4762F7224993}.Release|iPhoneSimulator.Build.0 = Release|Any CPU
		{1D854E51-2389-4963-A1A5-4762F7224993}.Release|x64.ActiveCfg = Release|Any CPU
		{1D854E51-2389-4963-A1A5-4762F7224993}.Release|x64.Build.0 = Release|Any CPU
		{1D854E51-2389-4963-A1A5-4762F7224993}.Release|x86.ActiveCfg = Release|Any CPU
		{1D854E51-2389-4963-A1A5-4762F7224993}.Release|x86.Build.0 = Release|Any CPU
		{5296C6B3-948B-4C89-90E9-CD57AB0B9EAB}.Ad-Hoc|Any CPU.ActiveCfg = Debug|Any CPU
		{5296C6B3-948B-4C89-90E9-CD57AB0B9EAB}.Ad-Hoc|Any CPU.Build.0 = Debug|Any CPU
		{5296C6B3-948B-4C89-90E9-CD57AB0B9EAB}.Ad-Hoc|ARM.ActiveCfg = Debug|Any CPU
		{5296C6B3-948B-4C89-90E9-CD57AB0B9EAB}.Ad-Hoc|ARM.Build.0 = Debug|Any CPU
		{5296C6B3-948B-4C89-90E9-CD57AB0B9EAB}.Ad-Hoc|iPhone.ActiveCfg = Debug|Any CPU
		{5296C6B3-948B-4C89-90E9-CD57AB0B9EAB}.Ad-Hoc|iPhone.Build.0 = Debug|Any CPU
		{5296C6B3-948B-4C89-90E9-CD57AB0B9EAB}.Ad-Hoc|iPhoneSimulator.ActiveCfg = Debug|Any CPU
		{5296C6B3-948B-4C89-90E9-CD57AB0B9EAB}.Ad-Hoc|iPhoneSimulator.Build.0 = Debug|Any CPU
		{5296C6B3-948B-4C89-90E9-CD57AB0B9EAB}.Ad-Hoc|x64.ActiveCfg = Debug|Any CPU
		{5296C6B3-948B-4C89-90E9-CD57AB0B9EAB}.Ad-Hoc|x64.Build.0 = Debug|Any CPU
		{5296C6B3-948B-4C89-90E9-CD57AB0B9EAB}.Ad-Hoc|x86.ActiveCfg = Debug|Any CPU
		{5296C6B3-948B-4C89-90E9-CD57AB0B9EAB}.Ad-Hoc|x86.Build.0 = Debug|Any CPU
		{5296C6B3-948B-4C89-90E9-CD57AB0B9EAB}.AppStore|Any CPU.ActiveCfg = Debug|Any CPU
		{5296C6B3-948B-4C89-90E9-CD57AB0B9EAB}.AppStore|Any CPU.Build.0 = Debug|Any CPU
		{5296C6B3-948B-4C89-90E9-CD57AB0B9EAB}.AppStore|ARM.ActiveCfg = Debug|Any CPU
		{5296C6B3-948B-4C89-90E9-CD57AB0B9EAB}.AppStore|ARM.Build.0 = Debug|Any CPU
		{5296C6B3-948B-4C89-90E9-CD57AB0B9EAB}.AppStore|iPhone.ActiveCfg = Debug|Any CPU
		{5296C6B3-948B-4C89-90E9-CD57AB0B9EAB}.AppStore|iPhone.Build.0 = Debug|Any CPU
		{5296C6B3-948B-4C89-90E9-CD57AB0B9EAB}.AppStore|iPhoneSimulator.ActiveCfg = Debug|Any CPU
		{5296C6B3-948B-4C89-90E9-CD57AB0B9EAB}.AppStore|iPhoneSimulator.Build.0 = Debug|Any CPU
		{5296C6B3-948B-4C89-90E9-CD57AB0B9EAB}.AppStore|x64.ActiveCfg = Debug|Any CPU
		{5296C6B3-948B-4C89-90E9-CD57AB0B9EAB}.AppStore|x64.Build.0 = Debug|Any CPU
		{5296C6B3-948B-4C89-90E9-CD57AB0B9EAB}.AppStore|x86.ActiveCfg = Debug|Any CPU
		{5296C6B3-948B-4C89-90E9-CD57AB0B9EAB}.AppStore|x86.Build.0 = Debug|Any CPU
		{5296C6B3-948B-4C89-90E9-CD57AB0B9EAB}.Debug|Any CPU.ActiveCfg = Debug|Any CPU
		{5296C6B3-948B-4C89-90E9-CD57AB0B9EAB}.Debug|Any CPU.Build.0 = Debug|Any CPU
		{5296C6B3-948B-4C89-90E9-CD57AB0B9EAB}.Debug|ARM.ActiveCfg = Debug|Any CPU
		{5296C6B3-948B-4C89-90E9-CD57AB0B9EAB}.Debug|ARM.Build.0 = Debug|Any CPU
		{5296C6B3-948B-4C89-90E9-CD57AB0B9EAB}.Debug|iPhone.ActiveCfg = Debug|Any CPU
		{5296C6B3-948B-4C89-90E9-CD57AB0B9EAB}.Debug|iPhone.Build.0 = Debug|Any CPU
		{5296C6B3-948B-4C89-90E9-CD57AB0B9EAB}.Debug|iPhoneSimulator.ActiveCfg = Debug|Any CPU
		{5296C6B3-948B-4C89-90E9-CD57AB0B9EAB}.Debug|iPhoneSimulator.Build.0 = Debug|Any CPU
		{5296C6B3-948B-4C89-90E9-CD57AB0B9EAB}.Debug|x64.ActiveCfg = Debug|Any CPU
		{5296C6B3-948B-4C89-90E9-CD57AB0B9EAB}.Debug|x64.Build.0 = Debug|Any CPU
		{5296C6B3-948B-4C89-90E9-CD57AB0B9EAB}.Debug|x86.ActiveCfg = Debug|Any CPU
		{5296C6B3-948B-4C89-90E9-CD57AB0B9EAB}.Debug|x86.Build.0 = Debug|Any CPU
		{5296C6B3-948B-4C89-90E9-CD57AB0B9EAB}.Release|Any CPU.ActiveCfg = Release|Any CPU
		{5296C6B3-948B-4C89-90E9-CD57AB0B9EAB}.Release|Any CPU.Build.0 = Release|Any CPU
		{5296C6B3-948B-4C89-90E9-CD57AB0B9EAB}.Release|ARM.ActiveCfg = Release|Any CPU
		{5296C6B3-948B-4C89-90E9-CD57AB0B9EAB}.Release|ARM.Build.0 = Release|Any CPU
		{5296C6B3-948B-4C89-90E9-CD57AB0B9EAB}.Release|iPhone.ActiveCfg = Release|Any CPU
		{5296C6B3-948B-4C89-90E9-CD57AB0B9EAB}.Release|iPhone.Build.0 = Release|Any CPU
		{5296C6B3-948B-4C89-90E9-CD57AB0B9EAB}.Release|iPhoneSimulator.ActiveCfg = Release|Any CPU
		{5296C6B3-948B-4C89-90E9-CD57AB0B9EAB}.Release|iPhoneSimulator.Build.0 = Release|Any CPU
		{5296C6B3-948B-4C89-90E9-CD57AB0B9EAB}.Release|x64.ActiveCfg = Release|Any CPU
		{5296C6B3-948B-4C89-90E9-CD57AB0B9EAB}.Release|x64.Build.0 = Release|Any CPU
		{5296C6B3-948B-4C89-90E9-CD57AB0B9EAB}.Release|x86.ActiveCfg = Release|Any CPU
		{5296C6B3-948B-4C89-90E9-CD57AB0B9EAB}.Release|x86.Build.0 = Release|Any CPU
		{4195FBFE-6138-41DE-B258-9C42AAAF029C}.Ad-Hoc|Any CPU.ActiveCfg = Debug|Any CPU
		{4195FBFE-6138-41DE-B258-9C42AAAF029C}.Ad-Hoc|Any CPU.Build.0 = Debug|Any CPU
		{4195FBFE-6138-41DE-B258-9C42AAAF029C}.Ad-Hoc|ARM.ActiveCfg = Debug|Any CPU
		{4195FBFE-6138-41DE-B258-9C42AAAF029C}.Ad-Hoc|ARM.Build.0 = Debug|Any CPU
		{4195FBFE-6138-41DE-B258-9C42AAAF029C}.Ad-Hoc|iPhone.ActiveCfg = Debug|Any CPU
		{4195FBFE-6138-41DE-B258-9C42AAAF029C}.Ad-Hoc|iPhone.Build.0 = Debug|Any CPU
		{4195FBFE-6138-41DE-B258-9C42AAAF029C}.Ad-Hoc|iPhoneSimulator.ActiveCfg = Debug|Any CPU
		{4195FBFE-6138-41DE-B258-9C42AAAF029C}.Ad-Hoc|iPhoneSimulator.Build.0 = Debug|Any CPU
		{4195FBFE-6138-41DE-B258-9C42AAAF029C}.Ad-Hoc|x64.ActiveCfg = Debug|Any CPU
		{4195FBFE-6138-41DE-B258-9C42AAAF029C}.Ad-Hoc|x64.Build.0 = Debug|Any CPU
		{4195FBFE-6138-41DE-B258-9C42AAAF029C}.Ad-Hoc|x86.ActiveCfg = Debug|Any CPU
		{4195FBFE-6138-41DE-B258-9C42AAAF029C}.Ad-Hoc|x86.Build.0 = Debug|Any CPU
		{4195FBFE-6138-41DE-B258-9C42AAAF029C}.AppStore|Any CPU.ActiveCfg = Debug|Any CPU
		{4195FBFE-6138-41DE-B258-9C42AAAF029C}.AppStore|Any CPU.Build.0 = Debug|Any CPU
		{4195FBFE-6138-41DE-B258-9C42AAAF029C}.AppStore|ARM.ActiveCfg = Debug|Any CPU
		{4195FBFE-6138-41DE-B258-9C42AAAF029C}.AppStore|ARM.Build.0 = Debug|Any CPU
		{4195FBFE-6138-41DE-B258-9C42AAAF029C}.AppStore|iPhone.ActiveCfg = Debug|Any CPU
		{4195FBFE-6138-41DE-B258-9C42AAAF029C}.AppStore|iPhone.Build.0 = Debug|Any CPU
		{4195FBFE-6138-41DE-B258-9C42AAAF029C}.AppStore|iPhoneSimulator.ActiveCfg = Debug|Any CPU
		{4195FBFE-6138-41DE-B258-9C42AAAF029C}.AppStore|iPhoneSimulator.Build.0 = Debug|Any CPU
		{4195FBFE-6138-41DE-B258-9C42AAAF029C}.AppStore|x64.ActiveCfg = Debug|Any CPU
		{4195FBFE-6138-41DE-B258-9C42AAAF029C}.AppStore|x64.Build.0 = Debug|Any CPU
		{4195FBFE-6138-41DE-B258-9C42AAAF029C}.AppStore|x86.ActiveCfg = Debug|Any CPU
		{4195FBFE-6138-41DE-B258-9C42AAAF029C}.AppStore|x86.Build.0 = Debug|Any CPU
		{4195FBFE-6138-41DE-B258-9C42AAAF029C}.Debug|Any CPU.ActiveCfg = Debug|Any CPU
		{4195FBFE-6138-41DE-B258-9C42AAAF029C}.Debug|Any CPU.Build.0 = Debug|Any CPU
		{4195FBFE-6138-41DE-B258-9C42AAAF029C}.Debug|ARM.ActiveCfg = Debug|Any CPU
		{4195FBFE-6138-41DE-B258-9C42AAAF029C}.Debug|ARM.Build.0 = Debug|Any CPU
		{4195FBFE-6138-41DE-B258-9C42AAAF029C}.Debug|iPhone.ActiveCfg = Debug|Any CPU
		{4195FBFE-6138-41DE-B258-9C42AAAF029C}.Debug|iPhone.Build.0 = Debug|Any CPU
		{4195FBFE-6138-41DE-B258-9C42AAAF029C}.Debug|iPhoneSimulator.ActiveCfg = Debug|Any CPU
		{4195FBFE-6138-41DE-B258-9C42AAAF029C}.Debug|iPhoneSimulator.Build.0 = Debug|Any CPU
		{4195FBFE-6138-41DE-B258-9C42AAAF029C}.Debug|x64.ActiveCfg = Debug|Any CPU
		{4195FBFE-6138-41DE-B258-9C42AAAF029C}.Debug|x64.Build.0 = Debug|Any CPU
		{4195FBFE-6138-41DE-B258-9C42AAAF029C}.Debug|x86.ActiveCfg = Debug|Any CPU
		{4195FBFE-6138-41DE-B258-9C42AAAF029C}.Debug|x86.Build.0 = Debug|Any CPU
		{4195FBFE-6138-41DE-B258-9C42AAAF029C}.Release|Any CPU.ActiveCfg = Release|Any CPU
		{4195FBFE-6138-41DE-B258-9C42AAAF029C}.Release|Any CPU.Build.0 = Release|Any CPU
		{4195FBFE-6138-41DE-B258-9C42AAAF029C}.Release|ARM.ActiveCfg = Release|Any CPU
		{4195FBFE-6138-41DE-B258-9C42AAAF029C}.Release|ARM.Build.0 = Release|Any CPU
		{4195FBFE-6138-41DE-B258-9C42AAAF029C}.Release|iPhone.ActiveCfg = Release|Any CPU
		{4195FBFE-6138-41DE-B258-9C42AAAF029C}.Release|iPhone.Build.0 = Release|Any CPU
		{4195FBFE-6138-41DE-B258-9C42AAAF029C}.Release|iPhoneSimulator.ActiveCfg = Release|Any CPU
		{4195FBFE-6138-41DE-B258-9C42AAAF029C}.Release|iPhoneSimulator.Build.0 = Release|Any CPU
		{4195FBFE-6138-41DE-B258-9C42AAAF029C}.Release|x64.ActiveCfg = Release|Any CPU
		{4195FBFE-6138-41DE-B258-9C42AAAF029C}.Release|x64.Build.0 = Release|Any CPU
		{4195FBFE-6138-41DE-B258-9C42AAAF029C}.Release|x86.ActiveCfg = Release|Any CPU
		{4195FBFE-6138-41DE-B258-9C42AAAF029C}.Release|x86.Build.0 = Release|Any CPU
		{6F807DCB-482F-4FA6-B14B-22BA4FE334B7}.Ad-Hoc|Any CPU.ActiveCfg = Debug|Any CPU
		{6F807DCB-482F-4FA6-B14B-22BA4FE334B7}.Ad-Hoc|Any CPU.Build.0 = Debug|Any CPU
		{6F807DCB-482F-4FA6-B14B-22BA4FE334B7}.Ad-Hoc|ARM.ActiveCfg = Debug|Any CPU
		{6F807DCB-482F-4FA6-B14B-22BA4FE334B7}.Ad-Hoc|ARM.Build.0 = Debug|Any CPU
		{6F807DCB-482F-4FA6-B14B-22BA4FE334B7}.Ad-Hoc|iPhone.ActiveCfg = Debug|Any CPU
		{6F807DCB-482F-4FA6-B14B-22BA4FE334B7}.Ad-Hoc|iPhone.Build.0 = Debug|Any CPU
		{6F807DCB-482F-4FA6-B14B-22BA4FE334B7}.Ad-Hoc|iPhoneSimulator.ActiveCfg = Debug|Any CPU
		{6F807DCB-482F-4FA6-B14B-22BA4FE334B7}.Ad-Hoc|iPhoneSimulator.Build.0 = Debug|Any CPU
		{6F807DCB-482F-4FA6-B14B-22BA4FE334B7}.Ad-Hoc|x64.ActiveCfg = Debug|Any CPU
		{6F807DCB-482F-4FA6-B14B-22BA4FE334B7}.Ad-Hoc|x64.Build.0 = Debug|Any CPU
		{6F807DCB-482F-4FA6-B14B-22BA4FE334B7}.Ad-Hoc|x86.ActiveCfg = Debug|Any CPU
		{6F807DCB-482F-4FA6-B14B-22BA4FE334B7}.Ad-Hoc|x86.Build.0 = Debug|Any CPU
		{6F807DCB-482F-4FA6-B14B-22BA4FE334B7}.AppStore|Any CPU.ActiveCfg = Debug|Any CPU
		{6F807DCB-482F-4FA6-B14B-22BA4FE334B7}.AppStore|Any CPU.Build.0 = Debug|Any CPU
		{6F807DCB-482F-4FA6-B14B-22BA4FE334B7}.AppStore|ARM.ActiveCfg = Debug|Any CPU
		{6F807DCB-482F-4FA6-B14B-22BA4FE334B7}.AppStore|ARM.Build.0 = Debug|Any CPU
		{6F807DCB-482F-4FA6-B14B-22BA4FE334B7}.AppStore|iPhone.ActiveCfg = Debug|Any CPU
		{6F807DCB-482F-4FA6-B14B-22BA4FE334B7}.AppStore|iPhone.Build.0 = Debug|Any CPU
		{6F807DCB-482F-4FA6-B14B-22BA4FE334B7}.AppStore|iPhoneSimulator.ActiveCfg = Debug|Any CPU
		{6F807DCB-482F-4FA6-B14B-22BA4FE334B7}.AppStore|iPhoneSimulator.Build.0 = Debug|Any CPU
		{6F807DCB-482F-4FA6-B14B-22BA4FE334B7}.AppStore|x64.ActiveCfg = Debug|Any CPU
		{6F807DCB-482F-4FA6-B14B-22BA4FE334B7}.AppStore|x64.Build.0 = Debug|Any CPU
		{6F807DCB-482F-4FA6-B14B-22BA4FE334B7}.AppStore|x86.ActiveCfg = Debug|Any CPU
		{6F807DCB-482F-4FA6-B14B-22BA4FE334B7}.AppStore|x86.Build.0 = Debug|Any CPU
		{6F807DCB-482F-4FA6-B14B-22BA4FE334B7}.Debug|Any CPU.ActiveCfg = Debug|Any CPU
		{6F807DCB-482F-4FA6-B14B-22BA4FE334B7}.Debug|Any CPU.Build.0 = Debug|Any CPU
		{6F807DCB-482F-4FA6-B14B-22BA4FE334B7}.Debug|ARM.ActiveCfg = Debug|Any CPU
		{6F807DCB-482F-4FA6-B14B-22BA4FE334B7}.Debug|ARM.Build.0 = Debug|Any CPU
		{6F807DCB-482F-4FA6-B14B-22BA4FE334B7}.Debug|iPhone.ActiveCfg = Debug|Any CPU
		{6F807DCB-482F-4FA6-B14B-22BA4FE334B7}.Debug|iPhone.Build.0 = Debug|Any CPU
		{6F807DCB-482F-4FA6-B14B-22BA4FE334B7}.Debug|iPhoneSimulator.ActiveCfg = Debug|Any CPU
		{6F807DCB-482F-4FA6-B14B-22BA4FE334B7}.Debug|iPhoneSimulator.Build.0 = Debug|Any CPU
		{6F807DCB-482F-4FA6-B14B-22BA4FE334B7}.Debug|x64.ActiveCfg = Debug|Any CPU
		{6F807DCB-482F-4FA6-B14B-22BA4FE334B7}.Debug|x64.Build.0 = Debug|Any CPU
		{6F807DCB-482F-4FA6-B14B-22BA4FE334B7}.Debug|x86.ActiveCfg = Debug|Any CPU
		{6F807DCB-482F-4FA6-B14B-22BA4FE334B7}.Debug|x86.Build.0 = Debug|Any CPU
		{6F807DCB-482F-4FA6-B14B-22BA4FE334B7}.Release|Any CPU.ActiveCfg = Release|Any CPU
		{6F807DCB-482F-4FA6-B14B-22BA4FE334B7}.Release|Any CPU.Build.0 = Release|Any CPU
		{6F807DCB-482F-4FA6-B14B-22BA4FE334B7}.Release|ARM.ActiveCfg = Release|Any CPU
		{6F807DCB-482F-4FA6-B14B-22BA4FE334B7}.Release|ARM.Build.0 = Release|Any CPU
		{6F807DCB-482F-4FA6-B14B-22BA4FE334B7}.Release|iPhone.ActiveCfg = Release|Any CPU
		{6F807DCB-482F-4FA6-B14B-22BA4FE334B7}.Release|iPhone.Build.0 = Release|Any CPU
		{6F807DCB-482F-4FA6-B14B-22BA4FE334B7}.Release|iPhoneSimulator.ActiveCfg = Release|Any CPU
		{6F807DCB-482F-4FA6-B14B-22BA4FE334B7}.Release|iPhoneSimulator.Build.0 = Release|Any CPU
		{6F807DCB-482F-4FA6-B14B-22BA4FE334B7}.Release|x64.ActiveCfg = Release|Any CPU
		{6F807DCB-482F-4FA6-B14B-22BA4FE334B7}.Release|x64.Build.0 = Release|Any CPU
		{6F807DCB-482F-4FA6-B14B-22BA4FE334B7}.Release|x86.ActiveCfg = Release|Any CPU
		{6F807DCB-482F-4FA6-B14B-22BA4FE334B7}.Release|x86.Build.0 = Release|Any CPU
		{B63582D1-1156-405D-83A1-0491C08CCF7A}.Ad-Hoc|Any CPU.ActiveCfg = Debug|Any CPU
		{B63582D1-1156-405D-83A1-0491C08CCF7A}.Ad-Hoc|Any CPU.Build.0 = Debug|Any CPU
		{B63582D1-1156-405D-83A1-0491C08CCF7A}.Ad-Hoc|ARM.ActiveCfg = Debug|Any CPU
		{B63582D1-1156-405D-83A1-0491C08CCF7A}.Ad-Hoc|ARM.Build.0 = Debug|Any CPU
		{B63582D1-1156-405D-83A1-0491C08CCF7A}.Ad-Hoc|iPhone.ActiveCfg = Debug|Any CPU
		{B63582D1-1156-405D-83A1-0491C08CCF7A}.Ad-Hoc|iPhone.Build.0 = Debug|Any CPU
		{B63582D1-1156-405D-83A1-0491C08CCF7A}.Ad-Hoc|iPhoneSimulator.ActiveCfg = Debug|Any CPU
		{B63582D1-1156-405D-83A1-0491C08CCF7A}.Ad-Hoc|iPhoneSimulator.Build.0 = Debug|Any CPU
		{B63582D1-1156-405D-83A1-0491C08CCF7A}.Ad-Hoc|x64.ActiveCfg = Debug|Any CPU
		{B63582D1-1156-405D-83A1-0491C08CCF7A}.Ad-Hoc|x64.Build.0 = Debug|Any CPU
		{B63582D1-1156-405D-83A1-0491C08CCF7A}.Ad-Hoc|x86.ActiveCfg = Debug|Any CPU
		{B63582D1-1156-405D-83A1-0491C08CCF7A}.Ad-Hoc|x86.Build.0 = Debug|Any CPU
		{B63582D1-1156-405D-83A1-0491C08CCF7A}.AppStore|Any CPU.ActiveCfg = Debug|Any CPU
		{B63582D1-1156-405D-83A1-0491C08CCF7A}.AppStore|Any CPU.Build.0 = Debug|Any CPU
		{B63582D1-1156-405D-83A1-0491C08CCF7A}.AppStore|ARM.ActiveCfg = Debug|Any CPU
		{B63582D1-1156-405D-83A1-0491C08CCF7A}.AppStore|ARM.Build.0 = Debug|Any CPU
		{B63582D1-1156-405D-83A1-0491C08CCF7A}.AppStore|iPhone.ActiveCfg = Debug|Any CPU
		{B63582D1-1156-405D-83A1-0491C08CCF7A}.AppStore|iPhone.Build.0 = Debug|Any CPU
		{B63582D1-1156-405D-83A1-0491C08CCF7A}.AppStore|iPhoneSimulator.ActiveCfg = Debug|Any CPU
		{B63582D1-1156-405D-83A1-0491C08CCF7A}.AppStore|iPhoneSimulator.Build.0 = Debug|Any CPU
		{B63582D1-1156-405D-83A1-0491C08CCF7A}.AppStore|x64.ActiveCfg = Debug|Any CPU
		{B63582D1-1156-405D-83A1-0491C08CCF7A}.AppStore|x64.Build.0 = Debug|Any CPU
		{B63582D1-1156-405D-83A1-0491C08CCF7A}.AppStore|x86.ActiveCfg = Debug|Any CPU
		{B63582D1-1156-405D-83A1-0491C08CCF7A}.AppStore|x86.Build.0 = Debug|Any CPU
		{B63582D1-1156-405D-83A1-0491C08CCF7A}.Debug|Any CPU.ActiveCfg = Debug|Any CPU
		{B63582D1-1156-405D-83A1-0491C08CCF7A}.Debug|Any CPU.Build.0 = Debug|Any CPU
		{B63582D1-1156-405D-83A1-0491C08CCF7A}.Debug|ARM.ActiveCfg = Debug|Any CPU
		{B63582D1-1156-405D-83A1-0491C08CCF7A}.Debug|ARM.Build.0 = Debug|Any CPU
		{B63582D1-1156-405D-83A1-0491C08CCF7A}.Debug|iPhone.ActiveCfg = Debug|Any CPU
		{B63582D1-1156-405D-83A1-0491C08CCF7A}.Debug|iPhone.Build.0 = Debug|Any CPU
		{B63582D1-1156-405D-83A1-0491C08CCF7A}.Debug|iPhoneSimulator.ActiveCfg = Debug|Any CPU
		{B63582D1-1156-405D-83A1-0491C08CCF7A}.Debug|iPhoneSimulator.Build.0 = Debug|Any CPU
		{B63582D1-1156-405D-83A1-0491C08CCF7A}.Debug|x64.ActiveCfg = Debug|Any CPU
		{B63582D1-1156-405D-83A1-0491C08CCF7A}.Debug|x64.Build.0 = Debug|Any CPU
		{B63582D1-1156-405D-83A1-0491C08CCF7A}.Debug|x86.ActiveCfg = Debug|Any CPU
		{B63582D1-1156-405D-83A1-0491C08CCF7A}.Debug|x86.Build.0 = Debug|Any CPU
		{B63582D1-1156-405D-83A1-0491C08CCF7A}.Release|Any CPU.ActiveCfg = Release|Any CPU
		{B63582D1-1156-405D-83A1-0491C08CCF7A}.Release|Any CPU.Build.0 = Release|Any CPU
		{B63582D1-1156-405D-83A1-0491C08CCF7A}.Release|ARM.ActiveCfg = Release|Any CPU
		{B63582D1-1156-405D-83A1-0491C08CCF7A}.Release|ARM.Build.0 = Release|Any CPU
		{B63582D1-1156-405D-83A1-0491C08CCF7A}.Release|iPhone.ActiveCfg = Release|Any CPU
		{B63582D1-1156-405D-83A1-0491C08CCF7A}.Release|iPhone.Build.0 = Release|Any CPU
		{B63582D1-1156-405D-83A1-0491C08CCF7A}.Release|iPhoneSimulator.ActiveCfg = Release|Any CPU
		{B63582D1-1156-405D-83A1-0491C08CCF7A}.Release|iPhoneSimulator.Build.0 = Release|Any CPU
		{B63582D1-1156-405D-83A1-0491C08CCF7A}.Release|x64.ActiveCfg = Release|Any CPU
		{B63582D1-1156-405D-83A1-0491C08CCF7A}.Release|x64.Build.0 = Release|Any CPU
		{B63582D1-1156-405D-83A1-0491C08CCF7A}.Release|x86.ActiveCfg = Release|Any CPU
		{B63582D1-1156-405D-83A1-0491C08CCF7A}.Release|x86.Build.0 = Release|Any CPU
		{FC01C1FB-C2D5-4F71-A4DF-8532B2EDEE09}.Ad-Hoc|Any CPU.ActiveCfg = Debug|Any CPU
		{FC01C1FB-C2D5-4F71-A4DF-8532B2EDEE09}.Ad-Hoc|Any CPU.Build.0 = Debug|Any CPU
		{FC01C1FB-C2D5-4F71-A4DF-8532B2EDEE09}.Ad-Hoc|ARM.ActiveCfg = Debug|Any CPU
		{FC01C1FB-C2D5-4F71-A4DF-8532B2EDEE09}.Ad-Hoc|ARM.Build.0 = Debug|Any CPU
		{FC01C1FB-C2D5-4F71-A4DF-8532B2EDEE09}.Ad-Hoc|iPhone.ActiveCfg = Debug|Any CPU
		{FC01C1FB-C2D5-4F71-A4DF-8532B2EDEE09}.Ad-Hoc|iPhone.Build.0 = Debug|Any CPU
		{FC01C1FB-C2D5-4F71-A4DF-8532B2EDEE09}.Ad-Hoc|iPhoneSimulator.ActiveCfg = Debug|Any CPU
		{FC01C1FB-C2D5-4F71-A4DF-8532B2EDEE09}.Ad-Hoc|iPhoneSimulator.Build.0 = Debug|Any CPU
		{FC01C1FB-C2D5-4F71-A4DF-8532B2EDEE09}.Ad-Hoc|x64.ActiveCfg = Debug|Any CPU
		{FC01C1FB-C2D5-4F71-A4DF-8532B2EDEE09}.Ad-Hoc|x64.Build.0 = Debug|Any CPU
		{FC01C1FB-C2D5-4F71-A4DF-8532B2EDEE09}.Ad-Hoc|x86.ActiveCfg = Debug|Any CPU
		{FC01C1FB-C2D5-4F71-A4DF-8532B2EDEE09}.Ad-Hoc|x86.Build.0 = Debug|Any CPU
		{FC01C1FB-C2D5-4F71-A4DF-8532B2EDEE09}.AppStore|Any CPU.ActiveCfg = Debug|Any CPU
		{FC01C1FB-C2D5-4F71-A4DF-8532B2EDEE09}.AppStore|Any CPU.Build.0 = Debug|Any CPU
		{FC01C1FB-C2D5-4F71-A4DF-8532B2EDEE09}.AppStore|ARM.ActiveCfg = Debug|Any CPU
		{FC01C1FB-C2D5-4F71-A4DF-8532B2EDEE09}.AppStore|ARM.Build.0 = Debug|Any CPU
		{FC01C1FB-C2D5-4F71-A4DF-8532B2EDEE09}.AppStore|iPhone.ActiveCfg = Debug|Any CPU
		{FC01C1FB-C2D5-4F71-A4DF-8532B2EDEE09}.AppStore|iPhone.Build.0 = Debug|Any CPU
		{FC01C1FB-C2D5-4F71-A4DF-8532B2EDEE09}.AppStore|iPhoneSimulator.ActiveCfg = Debug|Any CPU
		{FC01C1FB-C2D5-4F71-A4DF-8532B2EDEE09}.AppStore|iPhoneSimulator.Build.0 = Debug|Any CPU
		{FC01C1FB-C2D5-4F71-A4DF-8532B2EDEE09}.AppStore|x64.ActiveCfg = Debug|Any CPU
		{FC01C1FB-C2D5-4F71-A4DF-8532B2EDEE09}.AppStore|x64.Build.0 = Debug|Any CPU
		{FC01C1FB-C2D5-4F71-A4DF-8532B2EDEE09}.AppStore|x86.ActiveCfg = Debug|Any CPU
		{FC01C1FB-C2D5-4F71-A4DF-8532B2EDEE09}.AppStore|x86.Build.0 = Debug|Any CPU
		{FC01C1FB-C2D5-4F71-A4DF-8532B2EDEE09}.Debug|Any CPU.ActiveCfg = Debug|Any CPU
		{FC01C1FB-C2D5-4F71-A4DF-8532B2EDEE09}.Debug|Any CPU.Build.0 = Debug|Any CPU
		{FC01C1FB-C2D5-4F71-A4DF-8532B2EDEE09}.Debug|ARM.ActiveCfg = Debug|Any CPU
		{FC01C1FB-C2D5-4F71-A4DF-8532B2EDEE09}.Debug|ARM.Build.0 = Debug|Any CPU
		{FC01C1FB-C2D5-4F71-A4DF-8532B2EDEE09}.Debug|iPhone.ActiveCfg = Debug|Any CPU
		{FC01C1FB-C2D5-4F71-A4DF-8532B2EDEE09}.Debug|iPhone.Build.0 = Debug|Any CPU
		{FC01C1FB-C2D5-4F71-A4DF-8532B2EDEE09}.Debug|iPhoneSimulator.ActiveCfg = Debug|Any CPU
		{FC01C1FB-C2D5-4F71-A4DF-8532B2EDEE09}.Debug|iPhoneSimulator.Build.0 = Debug|Any CPU
		{FC01C1FB-C2D5-4F71-A4DF-8532B2EDEE09}.Debug|x64.ActiveCfg = Debug|Any CPU
		{FC01C1FB-C2D5-4F71-A4DF-8532B2EDEE09}.Debug|x64.Build.0 = Debug|Any CPU
		{FC01C1FB-C2D5-4F71-A4DF-8532B2EDEE09}.Debug|x86.ActiveCfg = Debug|Any CPU
		{FC01C1FB-C2D5-4F71-A4DF-8532B2EDEE09}.Debug|x86.Build.0 = Debug|Any CPU
		{FC01C1FB-C2D5-4F71-A4DF-8532B2EDEE09}.Release|Any CPU.ActiveCfg = Release|Any CPU
		{FC01C1FB-C2D5-4F71-A4DF-8532B2EDEE09}.Release|Any CPU.Build.0 = Release|Any CPU
		{FC01C1FB-C2D5-4F71-A4DF-8532B2EDEE09}.Release|ARM.ActiveCfg = Release|Any CPU
		{FC01C1FB-C2D5-4F71-A4DF-8532B2EDEE09}.Release|ARM.Build.0 = Release|Any CPU
		{FC01C1FB-C2D5-4F71-A4DF-8532B2EDEE09}.Release|iPhone.ActiveCfg = Release|Any CPU
		{FC01C1FB-C2D5-4F71-A4DF-8532B2EDEE09}.Release|iPhone.Build.0 = Release|Any CPU
		{FC01C1FB-C2D5-4F71-A4DF-8532B2EDEE09}.Release|iPhoneSimulator.ActiveCfg = Release|Any CPU
		{FC01C1FB-C2D5-4F71-A4DF-8532B2EDEE09}.Release|iPhoneSimulator.Build.0 = Release|Any CPU
		{FC01C1FB-C2D5-4F71-A4DF-8532B2EDEE09}.Release|x64.ActiveCfg = Release|Any CPU
		{FC01C1FB-C2D5-4F71-A4DF-8532B2EDEE09}.Release|x64.Build.0 = Release|Any CPU
		{FC01C1FB-C2D5-4F71-A4DF-8532B2EDEE09}.Release|x86.ActiveCfg = Release|Any CPU
		{FC01C1FB-C2D5-4F71-A4DF-8532B2EDEE09}.Release|x86.Build.0 = Release|Any CPU
		{E6E77CD5-77EA-4E1C-A4BA-F72A5AC82B0E}.Ad-Hoc|Any CPU.ActiveCfg = Debug|Any CPU
		{E6E77CD5-77EA-4E1C-A4BA-F72A5AC82B0E}.Ad-Hoc|Any CPU.Build.0 = Debug|Any CPU
		{E6E77CD5-77EA-4E1C-A4BA-F72A5AC82B0E}.Ad-Hoc|ARM.ActiveCfg = Debug|Any CPU
		{E6E77CD5-77EA-4E1C-A4BA-F72A5AC82B0E}.Ad-Hoc|ARM.Build.0 = Debug|Any CPU
		{E6E77CD5-77EA-4E1C-A4BA-F72A5AC82B0E}.Ad-Hoc|iPhone.ActiveCfg = Debug|Any CPU
		{E6E77CD5-77EA-4E1C-A4BA-F72A5AC82B0E}.Ad-Hoc|iPhone.Build.0 = Debug|Any CPU
		{E6E77CD5-77EA-4E1C-A4BA-F72A5AC82B0E}.Ad-Hoc|iPhoneSimulator.ActiveCfg = Debug|Any CPU
		{E6E77CD5-77EA-4E1C-A4BA-F72A5AC82B0E}.Ad-Hoc|iPhoneSimulator.Build.0 = Debug|Any CPU
		{E6E77CD5-77EA-4E1C-A4BA-F72A5AC82B0E}.Ad-Hoc|x64.ActiveCfg = Debug|Any CPU
		{E6E77CD5-77EA-4E1C-A4BA-F72A5AC82B0E}.Ad-Hoc|x64.Build.0 = Debug|Any CPU
		{E6E77CD5-77EA-4E1C-A4BA-F72A5AC82B0E}.Ad-Hoc|x86.ActiveCfg = Debug|Any CPU
		{E6E77CD5-77EA-4E1C-A4BA-F72A5AC82B0E}.Ad-Hoc|x86.Build.0 = Debug|Any CPU
		{E6E77CD5-77EA-4E1C-A4BA-F72A5AC82B0E}.AppStore|Any CPU.ActiveCfg = Debug|Any CPU
		{E6E77CD5-77EA-4E1C-A4BA-F72A5AC82B0E}.AppStore|Any CPU.Build.0 = Debug|Any CPU
		{E6E77CD5-77EA-4E1C-A4BA-F72A5AC82B0E}.AppStore|ARM.ActiveCfg = Debug|Any CPU
		{E6E77CD5-77EA-4E1C-A4BA-F72A5AC82B0E}.AppStore|ARM.Build.0 = Debug|Any CPU
		{E6E77CD5-77EA-4E1C-A4BA-F72A5AC82B0E}.AppStore|iPhone.ActiveCfg = Debug|Any CPU
		{E6E77CD5-77EA-4E1C-A4BA-F72A5AC82B0E}.AppStore|iPhone.Build.0 = Debug|Any CPU
		{E6E77CD5-77EA-4E1C-A4BA-F72A5AC82B0E}.AppStore|iPhoneSimulator.ActiveCfg = Debug|Any CPU
		{E6E77CD5-77EA-4E1C-A4BA-F72A5AC82B0E}.AppStore|iPhoneSimulator.Build.0 = Debug|Any CPU
		{E6E77CD5-77EA-4E1C-A4BA-F72A5AC82B0E}.AppStore|x64.ActiveCfg = Debug|Any CPU
		{E6E77CD5-77EA-4E1C-A4BA-F72A5AC82B0E}.AppStore|x64.Build.0 = Debug|Any CPU
		{E6E77CD5-77EA-4E1C-A4BA-F72A5AC82B0E}.AppStore|x86.ActiveCfg = Debug|Any CPU
		{E6E77CD5-77EA-4E1C-A4BA-F72A5AC82B0E}.AppStore|x86.Build.0 = Debug|Any CPU
		{E6E77CD5-77EA-4E1C-A4BA-F72A5AC82B0E}.Debug|Any CPU.ActiveCfg = Debug|Any CPU
		{E6E77CD5-77EA-4E1C-A4BA-F72A5AC82B0E}.Debug|Any CPU.Build.0 = Debug|Any CPU
		{E6E77CD5-77EA-4E1C-A4BA-F72A5AC82B0E}.Debug|ARM.ActiveCfg = Debug|Any CPU
		{E6E77CD5-77EA-4E1C-A4BA-F72A5AC82B0E}.Debug|ARM.Build.0 = Debug|Any CPU
		{E6E77CD5-77EA-4E1C-A4BA-F72A5AC82B0E}.Debug|iPhone.ActiveCfg = Debug|Any CPU
		{E6E77CD5-77EA-4E1C-A4BA-F72A5AC82B0E}.Debug|iPhone.Build.0 = Debug|Any CPU
		{E6E77CD5-77EA-4E1C-A4BA-F72A5AC82B0E}.Debug|iPhoneSimulator.ActiveCfg = Debug|Any CPU
		{E6E77CD5-77EA-4E1C-A4BA-F72A5AC82B0E}.Debug|iPhoneSimulator.Build.0 = Debug|Any CPU
		{E6E77CD5-77EA-4E1C-A4BA-F72A5AC82B0E}.Debug|x64.ActiveCfg = Debug|Any CPU
		{E6E77CD5-77EA-4E1C-A4BA-F72A5AC82B0E}.Debug|x64.Build.0 = Debug|Any CPU
		{E6E77CD5-77EA-4E1C-A4BA-F72A5AC82B0E}.Debug|x86.ActiveCfg = Debug|Any CPU
		{E6E77CD5-77EA-4E1C-A4BA-F72A5AC82B0E}.Debug|x86.Build.0 = Debug|Any CPU
		{E6E77CD5-77EA-4E1C-A4BA-F72A5AC82B0E}.Release|Any CPU.ActiveCfg = Release|Any CPU
		{E6E77CD5-77EA-4E1C-A4BA-F72A5AC82B0E}.Release|Any CPU.Build.0 = Release|Any CPU
		{E6E77CD5-77EA-4E1C-A4BA-F72A5AC82B0E}.Release|ARM.ActiveCfg = Release|Any CPU
		{E6E77CD5-77EA-4E1C-A4BA-F72A5AC82B0E}.Release|ARM.Build.0 = Release|Any CPU
		{E6E77CD5-77EA-4E1C-A4BA-F72A5AC82B0E}.Release|iPhone.ActiveCfg = Release|Any CPU
		{E6E77CD5-77EA-4E1C-A4BA-F72A5AC82B0E}.Release|iPhone.Build.0 = Release|Any CPU
		{E6E77CD5-77EA-4E1C-A4BA-F72A5AC82B0E}.Release|iPhoneSimulator.ActiveCfg = Release|Any CPU
		{E6E77CD5-77EA-4E1C-A4BA-F72A5AC82B0E}.Release|iPhoneSimulator.Build.0 = Release|Any CPU
		{E6E77CD5-77EA-4E1C-A4BA-F72A5AC82B0E}.Release|x64.ActiveCfg = Release|Any CPU
		{E6E77CD5-77EA-4E1C-A4BA-F72A5AC82B0E}.Release|x64.Build.0 = Release|Any CPU
		{E6E77CD5-77EA-4E1C-A4BA-F72A5AC82B0E}.Release|x86.ActiveCfg = Release|Any CPU
		{E6E77CD5-77EA-4E1C-A4BA-F72A5AC82B0E}.Release|x86.Build.0 = Release|Any CPU
		{FDB62C45-DB84-492D-BFDD-0C86F664DF5A}.Ad-Hoc|Any CPU.ActiveCfg = Debug|Any CPU
		{FDB62C45-DB84-492D-BFDD-0C86F664DF5A}.Ad-Hoc|Any CPU.Build.0 = Debug|Any CPU
		{FDB62C45-DB84-492D-BFDD-0C86F664DF5A}.Ad-Hoc|ARM.ActiveCfg = Debug|Any CPU
		{FDB62C45-DB84-492D-BFDD-0C86F664DF5A}.Ad-Hoc|ARM.Build.0 = Debug|Any CPU
		{FDB62C45-DB84-492D-BFDD-0C86F664DF5A}.Ad-Hoc|iPhone.ActiveCfg = Debug|Any CPU
		{FDB62C45-DB84-492D-BFDD-0C86F664DF5A}.Ad-Hoc|iPhone.Build.0 = Debug|Any CPU
		{FDB62C45-DB84-492D-BFDD-0C86F664DF5A}.Ad-Hoc|iPhoneSimulator.ActiveCfg = Debug|Any CPU
		{FDB62C45-DB84-492D-BFDD-0C86F664DF5A}.Ad-Hoc|iPhoneSimulator.Build.0 = Debug|Any CPU
		{FDB62C45-DB84-492D-BFDD-0C86F664DF5A}.Ad-Hoc|x64.ActiveCfg = Debug|Any CPU
		{FDB62C45-DB84-492D-BFDD-0C86F664DF5A}.Ad-Hoc|x64.Build.0 = Debug|Any CPU
		{FDB62C45-DB84-492D-BFDD-0C86F664DF5A}.Ad-Hoc|x86.ActiveCfg = Debug|Any CPU
		{FDB62C45-DB84-492D-BFDD-0C86F664DF5A}.Ad-Hoc|x86.Build.0 = Debug|Any CPU
		{FDB62C45-DB84-492D-BFDD-0C86F664DF5A}.AppStore|Any CPU.ActiveCfg = Debug|Any CPU
		{FDB62C45-DB84-492D-BFDD-0C86F664DF5A}.AppStore|Any CPU.Build.0 = Debug|Any CPU
		{FDB62C45-DB84-492D-BFDD-0C86F664DF5A}.AppStore|ARM.ActiveCfg = Debug|Any CPU
		{FDB62C45-DB84-492D-BFDD-0C86F664DF5A}.AppStore|ARM.Build.0 = Debug|Any CPU
		{FDB62C45-DB84-492D-BFDD-0C86F664DF5A}.AppStore|iPhone.ActiveCfg = Debug|Any CPU
		{FDB62C45-DB84-492D-BFDD-0C86F664DF5A}.AppStore|iPhone.Build.0 = Debug|Any CPU
		{FDB62C45-DB84-492D-BFDD-0C86F664DF5A}.AppStore|iPhoneSimulator.ActiveCfg = Debug|Any CPU
		{FDB62C45-DB84-492D-BFDD-0C86F664DF5A}.AppStore|iPhoneSimulator.Build.0 = Debug|Any CPU
		{FDB62C45-DB84-492D-BFDD-0C86F664DF5A}.AppStore|x64.ActiveCfg = Debug|Any CPU
		{FDB62C45-DB84-492D-BFDD-0C86F664DF5A}.AppStore|x64.Build.0 = Debug|Any CPU
		{FDB62C45-DB84-492D-BFDD-0C86F664DF5A}.AppStore|x86.ActiveCfg = Debug|Any CPU
		{FDB62C45-DB84-492D-BFDD-0C86F664DF5A}.AppStore|x86.Build.0 = Debug|Any CPU
		{FDB62C45-DB84-492D-BFDD-0C86F664DF5A}.Debug|Any CPU.ActiveCfg = Debug|Any CPU
		{FDB62C45-DB84-492D-BFDD-0C86F664DF5A}.Debug|Any CPU.Build.0 = Debug|Any CPU
		{FDB62C45-DB84-492D-BFDD-0C86F664DF5A}.Debug|ARM.ActiveCfg = Debug|Any CPU
		{FDB62C45-DB84-492D-BFDD-0C86F664DF5A}.Debug|ARM.Build.0 = Debug|Any CPU
		{FDB62C45-DB84-492D-BFDD-0C86F664DF5A}.Debug|iPhone.ActiveCfg = Debug|Any CPU
		{FDB62C45-DB84-492D-BFDD-0C86F664DF5A}.Debug|iPhone.Build.0 = Debug|Any CPU
		{FDB62C45-DB84-492D-BFDD-0C86F664DF5A}.Debug|iPhoneSimulator.ActiveCfg = Debug|Any CPU
		{FDB62C45-DB84-492D-BFDD-0C86F664DF5A}.Debug|iPhoneSimulator.Build.0 = Debug|Any CPU
		{FDB62C45-DB84-492D-BFDD-0C86F664DF5A}.Debug|x64.ActiveCfg = Debug|Any CPU
		{FDB62C45-DB84-492D-BFDD-0C86F664DF5A}.Debug|x64.Build.0 = Debug|Any CPU
		{FDB62C45-DB84-492D-BFDD-0C86F664DF5A}.Debug|x86.ActiveCfg = Debug|Any CPU
		{FDB62C45-DB84-492D-BFDD-0C86F664DF5A}.Debug|x86.Build.0 = Debug|Any CPU
		{FDB62C45-DB84-492D-BFDD-0C86F664DF5A}.Release|Any CPU.ActiveCfg = Release|Any CPU
		{FDB62C45-DB84-492D-BFDD-0C86F664DF5A}.Release|Any CPU.Build.0 = Release|Any CPU
		{FDB62C45-DB84-492D-BFDD-0C86F664DF5A}.Release|ARM.ActiveCfg = Release|Any CPU
		{FDB62C45-DB84-492D-BFDD-0C86F664DF5A}.Release|ARM.Build.0 = Release|Any CPU
		{FDB62C45-DB84-492D-BFDD-0C86F664DF5A}.Release|iPhone.ActiveCfg = Release|Any CPU
		{FDB62C45-DB84-492D-BFDD-0C86F664DF5A}.Release|iPhone.Build.0 = Release|Any CPU
		{FDB62C45-DB84-492D-BFDD-0C86F664DF5A}.Release|iPhoneSimulator.ActiveCfg = Release|Any CPU
		{FDB62C45-DB84-492D-BFDD-0C86F664DF5A}.Release|iPhoneSimulator.Build.0 = Release|Any CPU
		{FDB62C45-DB84-492D-BFDD-0C86F664DF5A}.Release|x64.ActiveCfg = Release|Any CPU
		{FDB62C45-DB84-492D-BFDD-0C86F664DF5A}.Release|x64.Build.0 = Release|Any CPU
		{FDB62C45-DB84-492D-BFDD-0C86F664DF5A}.Release|x86.ActiveCfg = Release|Any CPU
		{FDB62C45-DB84-492D-BFDD-0C86F664DF5A}.Release|x86.Build.0 = Release|Any CPU
		{61628BEE-6FFD-4AB9-93D9-98512D92AB71}.Ad-Hoc|Any CPU.ActiveCfg = Debug|Any CPU
		{61628BEE-6FFD-4AB9-93D9-98512D92AB71}.Ad-Hoc|Any CPU.Build.0 = Debug|Any CPU
		{61628BEE-6FFD-4AB9-93D9-98512D92AB71}.Ad-Hoc|ARM.ActiveCfg = Debug|Any CPU
		{61628BEE-6FFD-4AB9-93D9-98512D92AB71}.Ad-Hoc|ARM.Build.0 = Debug|Any CPU
		{61628BEE-6FFD-4AB9-93D9-98512D92AB71}.Ad-Hoc|iPhone.ActiveCfg = Debug|Any CPU
		{61628BEE-6FFD-4AB9-93D9-98512D92AB71}.Ad-Hoc|iPhone.Build.0 = Debug|Any CPU
		{61628BEE-6FFD-4AB9-93D9-98512D92AB71}.Ad-Hoc|iPhoneSimulator.ActiveCfg = Debug|Any CPU
		{61628BEE-6FFD-4AB9-93D9-98512D92AB71}.Ad-Hoc|iPhoneSimulator.Build.0 = Debug|Any CPU
		{61628BEE-6FFD-4AB9-93D9-98512D92AB71}.Ad-Hoc|x64.ActiveCfg = Debug|Any CPU
		{61628BEE-6FFD-4AB9-93D9-98512D92AB71}.Ad-Hoc|x64.Build.0 = Debug|Any CPU
		{61628BEE-6FFD-4AB9-93D9-98512D92AB71}.Ad-Hoc|x86.ActiveCfg = Debug|Any CPU
		{61628BEE-6FFD-4AB9-93D9-98512D92AB71}.Ad-Hoc|x86.Build.0 = Debug|Any CPU
		{61628BEE-6FFD-4AB9-93D9-98512D92AB71}.AppStore|Any CPU.ActiveCfg = Debug|Any CPU
		{61628BEE-6FFD-4AB9-93D9-98512D92AB71}.AppStore|Any CPU.Build.0 = Debug|Any CPU
		{61628BEE-6FFD-4AB9-93D9-98512D92AB71}.AppStore|ARM.ActiveCfg = Debug|Any CPU
		{61628BEE-6FFD-4AB9-93D9-98512D92AB71}.AppStore|ARM.Build.0 = Debug|Any CPU
		{61628BEE-6FFD-4AB9-93D9-98512D92AB71}.AppStore|iPhone.ActiveCfg = Debug|Any CPU
		{61628BEE-6FFD-4AB9-93D9-98512D92AB71}.AppStore|iPhone.Build.0 = Debug|Any CPU
		{61628BEE-6FFD-4AB9-93D9-98512D92AB71}.AppStore|iPhoneSimulator.ActiveCfg = Debug|Any CPU
		{61628BEE-6FFD-4AB9-93D9-98512D92AB71}.AppStore|iPhoneSimulator.Build.0 = Debug|Any CPU
		{61628BEE-6FFD-4AB9-93D9-98512D92AB71}.AppStore|x64.ActiveCfg = Debug|Any CPU
		{61628BEE-6FFD-4AB9-93D9-98512D92AB71}.AppStore|x64.Build.0 = Debug|Any CPU
		{61628BEE-6FFD-4AB9-93D9-98512D92AB71}.AppStore|x86.ActiveCfg = Debug|Any CPU
		{61628BEE-6FFD-4AB9-93D9-98512D92AB71}.AppStore|x86.Build.0 = Debug|Any CPU
		{61628BEE-6FFD-4AB9-93D9-98512D92AB71}.Debug|Any CPU.ActiveCfg = Debug|Any CPU
		{61628BEE-6FFD-4AB9-93D9-98512D92AB71}.Debug|Any CPU.Build.0 = Debug|Any CPU
		{61628BEE-6FFD-4AB9-93D9-98512D92AB71}.Debug|ARM.ActiveCfg = Debug|Any CPU
		{61628BEE-6FFD-4AB9-93D9-98512D92AB71}.Debug|ARM.Build.0 = Debug|Any CPU
		{61628BEE-6FFD-4AB9-93D9-98512D92AB71}.Debug|iPhone.ActiveCfg = Debug|Any CPU
		{61628BEE-6FFD-4AB9-93D9-98512D92AB71}.Debug|iPhone.Build.0 = Debug|Any CPU
		{61628BEE-6FFD-4AB9-93D9-98512D92AB71}.Debug|iPhoneSimulator.ActiveCfg = Debug|Any CPU
		{61628BEE-6FFD-4AB9-93D9-98512D92AB71}.Debug|iPhoneSimulator.Build.0 = Debug|Any CPU
		{61628BEE-6FFD-4AB9-93D9-98512D92AB71}.Debug|x64.ActiveCfg = Debug|Any CPU
		{61628BEE-6FFD-4AB9-93D9-98512D92AB71}.Debug|x64.Build.0 = Debug|Any CPU
		{61628BEE-6FFD-4AB9-93D9-98512D92AB71}.Debug|x86.ActiveCfg = Debug|Any CPU
		{61628BEE-6FFD-4AB9-93D9-98512D92AB71}.Debug|x86.Build.0 = Debug|Any CPU
		{61628BEE-6FFD-4AB9-93D9-98512D92AB71}.Release|Any CPU.ActiveCfg = Release|Any CPU
		{61628BEE-6FFD-4AB9-93D9-98512D92AB71}.Release|Any CPU.Build.0 = Release|Any CPU
		{61628BEE-6FFD-4AB9-93D9-98512D92AB71}.Release|ARM.ActiveCfg = Release|Any CPU
		{61628BEE-6FFD-4AB9-93D9-98512D92AB71}.Release|ARM.Build.0 = Release|Any CPU
		{61628BEE-6FFD-4AB9-93D9-98512D92AB71}.Release|iPhone.ActiveCfg = Release|Any CPU
		{61628BEE-6FFD-4AB9-93D9-98512D92AB71}.Release|iPhone.Build.0 = Release|Any CPU
		{61628BEE-6FFD-4AB9-93D9-98512D92AB71}.Release|iPhoneSimulator.ActiveCfg = Release|Any CPU
		{61628BEE-6FFD-4AB9-93D9-98512D92AB71}.Release|iPhoneSimulator.Build.0 = Release|Any CPU
		{61628BEE-6FFD-4AB9-93D9-98512D92AB71}.Release|x64.ActiveCfg = Release|Any CPU
		{61628BEE-6FFD-4AB9-93D9-98512D92AB71}.Release|x64.Build.0 = Release|Any CPU
		{61628BEE-6FFD-4AB9-93D9-98512D92AB71}.Release|x86.ActiveCfg = Release|Any CPU
		{61628BEE-6FFD-4AB9-93D9-98512D92AB71}.Release|x86.Build.0 = Release|Any CPU
		{A9689314-C724-4B69-A2E8-0E90F9654C2F}.Ad-Hoc|Any CPU.ActiveCfg = Debug|Any CPU
		{A9689314-C724-4B69-A2E8-0E90F9654C2F}.Ad-Hoc|Any CPU.Build.0 = Debug|Any CPU
		{A9689314-C724-4B69-A2E8-0E90F9654C2F}.Ad-Hoc|ARM.ActiveCfg = Debug|Any CPU
		{A9689314-C724-4B69-A2E8-0E90F9654C2F}.Ad-Hoc|ARM.Build.0 = Debug|Any CPU
		{A9689314-C724-4B69-A2E8-0E90F9654C2F}.Ad-Hoc|iPhone.ActiveCfg = Debug|Any CPU
		{A9689314-C724-4B69-A2E8-0E90F9654C2F}.Ad-Hoc|iPhone.Build.0 = Debug|Any CPU
		{A9689314-C724-4B69-A2E8-0E90F9654C2F}.Ad-Hoc|iPhoneSimulator.ActiveCfg = Debug|Any CPU
		{A9689314-C724-4B69-A2E8-0E90F9654C2F}.Ad-Hoc|iPhoneSimulator.Build.0 = Debug|Any CPU
		{A9689314-C724-4B69-A2E8-0E90F9654C2F}.Ad-Hoc|x64.ActiveCfg = Debug|Any CPU
		{A9689314-C724-4B69-A2E8-0E90F9654C2F}.Ad-Hoc|x64.Build.0 = Debug|Any CPU
		{A9689314-C724-4B69-A2E8-0E90F9654C2F}.Ad-Hoc|x86.ActiveCfg = Debug|Any CPU
		{A9689314-C724-4B69-A2E8-0E90F9654C2F}.Ad-Hoc|x86.Build.0 = Debug|Any CPU
		{A9689314-C724-4B69-A2E8-0E90F9654C2F}.AppStore|Any CPU.ActiveCfg = Debug|Any CPU
		{A9689314-C724-4B69-A2E8-0E90F9654C2F}.AppStore|Any CPU.Build.0 = Debug|Any CPU
		{A9689314-C724-4B69-A2E8-0E90F9654C2F}.AppStore|ARM.ActiveCfg = Debug|Any CPU
		{A9689314-C724-4B69-A2E8-0E90F9654C2F}.AppStore|ARM.Build.0 = Debug|Any CPU
		{A9689314-C724-4B69-A2E8-0E90F9654C2F}.AppStore|iPhone.ActiveCfg = Debug|Any CPU
		{A9689314-C724-4B69-A2E8-0E90F9654C2F}.AppStore|iPhone.Build.0 = Debug|Any CPU
		{A9689314-C724-4B69-A2E8-0E90F9654C2F}.AppStore|iPhoneSimulator.ActiveCfg = Debug|Any CPU
		{A9689314-C724-4B69-A2E8-0E90F9654C2F}.AppStore|iPhoneSimulator.Build.0 = Debug|Any CPU
		{A9689314-C724-4B69-A2E8-0E90F9654C2F}.AppStore|x64.ActiveCfg = Debug|Any CPU
		{A9689314-C724-4B69-A2E8-0E90F9654C2F}.AppStore|x64.Build.0 = Debug|Any CPU
		{A9689314-C724-4B69-A2E8-0E90F9654C2F}.AppStore|x86.ActiveCfg = Debug|Any CPU
		{A9689314-C724-4B69-A2E8-0E90F9654C2F}.AppStore|x86.Build.0 = Debug|Any CPU
		{A9689314-C724-4B69-A2E8-0E90F9654C2F}.Debug|Any CPU.ActiveCfg = Debug|Any CPU
		{A9689314-C724-4B69-A2E8-0E90F9654C2F}.Debug|Any CPU.Build.0 = Debug|Any CPU
		{A9689314-C724-4B69-A2E8-0E90F9654C2F}.Debug|ARM.ActiveCfg = Debug|Any CPU
		{A9689314-C724-4B69-A2E8-0E90F9654C2F}.Debug|ARM.Build.0 = Debug|Any CPU
		{A9689314-C724-4B69-A2E8-0E90F9654C2F}.Debug|iPhone.ActiveCfg = Debug|Any CPU
		{A9689314-C724-4B69-A2E8-0E90F9654C2F}.Debug|iPhone.Build.0 = Debug|Any CPU
		{A9689314-C724-4B69-A2E8-0E90F9654C2F}.Debug|iPhoneSimulator.ActiveCfg = Debug|Any CPU
		{A9689314-C724-4B69-A2E8-0E90F9654C2F}.Debug|iPhoneSimulator.Build.0 = Debug|Any CPU
		{A9689314-C724-4B69-A2E8-0E90F9654C2F}.Debug|x64.ActiveCfg = Debug|Any CPU
		{A9689314-C724-4B69-A2E8-0E90F9654C2F}.Debug|x64.Build.0 = Debug|Any CPU
		{A9689314-C724-4B69-A2E8-0E90F9654C2F}.Debug|x86.ActiveCfg = Debug|Any CPU
		{A9689314-C724-4B69-A2E8-0E90F9654C2F}.Debug|x86.Build.0 = Debug|Any CPU
		{A9689314-C724-4B69-A2E8-0E90F9654C2F}.Release|Any CPU.ActiveCfg = Release|Any CPU
		{A9689314-C724-4B69-A2E8-0E90F9654C2F}.Release|Any CPU.Build.0 = Release|Any CPU
		{A9689314-C724-4B69-A2E8-0E90F9654C2F}.Release|ARM.ActiveCfg = Release|Any CPU
		{A9689314-C724-4B69-A2E8-0E90F9654C2F}.Release|ARM.Build.0 = Release|Any CPU
		{A9689314-C724-4B69-A2E8-0E90F9654C2F}.Release|iPhone.ActiveCfg = Release|Any CPU
		{A9689314-C724-4B69-A2E8-0E90F9654C2F}.Release|iPhone.Build.0 = Release|Any CPU
		{A9689314-C724-4B69-A2E8-0E90F9654C2F}.Release|iPhoneSimulator.ActiveCfg = Release|Any CPU
		{A9689314-C724-4B69-A2E8-0E90F9654C2F}.Release|iPhoneSimulator.Build.0 = Release|Any CPU
		{A9689314-C724-4B69-A2E8-0E90F9654C2F}.Release|x64.ActiveCfg = Release|Any CPU
		{A9689314-C724-4B69-A2E8-0E90F9654C2F}.Release|x64.Build.0 = Release|Any CPU
		{A9689314-C724-4B69-A2E8-0E90F9654C2F}.Release|x86.ActiveCfg = Release|Any CPU
		{A9689314-C724-4B69-A2E8-0E90F9654C2F}.Release|x86.Build.0 = Release|Any CPU
		{9C1760EF-CA68-4E44-A13D-737FFADB8FDD}.Ad-Hoc|Any CPU.ActiveCfg = Release|x64
		{9C1760EF-CA68-4E44-A13D-737FFADB8FDD}.Ad-Hoc|Any CPU.Build.0 = Release|x64
		{9C1760EF-CA68-4E44-A13D-737FFADB8FDD}.Ad-Hoc|Any CPU.Deploy.0 = Release|x64
		{9C1760EF-CA68-4E44-A13D-737FFADB8FDD}.Ad-Hoc|ARM.ActiveCfg = Release|ARM
		{9C1760EF-CA68-4E44-A13D-737FFADB8FDD}.Ad-Hoc|ARM.Build.0 = Release|ARM
		{9C1760EF-CA68-4E44-A13D-737FFADB8FDD}.Ad-Hoc|ARM.Deploy.0 = Release|ARM
		{9C1760EF-CA68-4E44-A13D-737FFADB8FDD}.Ad-Hoc|iPhone.ActiveCfg = Release|x64
		{9C1760EF-CA68-4E44-A13D-737FFADB8FDD}.Ad-Hoc|iPhone.Build.0 = Release|x64
		{9C1760EF-CA68-4E44-A13D-737FFADB8FDD}.Ad-Hoc|iPhone.Deploy.0 = Release|x64
		{9C1760EF-CA68-4E44-A13D-737FFADB8FDD}.Ad-Hoc|iPhoneSimulator.ActiveCfg = Release|x64
		{9C1760EF-CA68-4E44-A13D-737FFADB8FDD}.Ad-Hoc|iPhoneSimulator.Build.0 = Release|x64
		{9C1760EF-CA68-4E44-A13D-737FFADB8FDD}.Ad-Hoc|iPhoneSimulator.Deploy.0 = Release|x64
		{9C1760EF-CA68-4E44-A13D-737FFADB8FDD}.Ad-Hoc|x64.ActiveCfg = Release|x64
		{9C1760EF-CA68-4E44-A13D-737FFADB8FDD}.Ad-Hoc|x64.Build.0 = Release|x64
		{9C1760EF-CA68-4E44-A13D-737FFADB8FDD}.Ad-Hoc|x64.Deploy.0 = Release|x64
		{9C1760EF-CA68-4E44-A13D-737FFADB8FDD}.Ad-Hoc|x86.ActiveCfg = Release|x86
		{9C1760EF-CA68-4E44-A13D-737FFADB8FDD}.Ad-Hoc|x86.Build.0 = Release|x86
		{9C1760EF-CA68-4E44-A13D-737FFADB8FDD}.Ad-Hoc|x86.Deploy.0 = Release|x86
		{9C1760EF-CA68-4E44-A13D-737FFADB8FDD}.AppStore|Any CPU.ActiveCfg = Release|x64
		{9C1760EF-CA68-4E44-A13D-737FFADB8FDD}.AppStore|Any CPU.Build.0 = Release|x64
		{9C1760EF-CA68-4E44-A13D-737FFADB8FDD}.AppStore|Any CPU.Deploy.0 = Release|x64
		{9C1760EF-CA68-4E44-A13D-737FFADB8FDD}.AppStore|ARM.ActiveCfg = Release|ARM
		{9C1760EF-CA68-4E44-A13D-737FFADB8FDD}.AppStore|ARM.Build.0 = Release|ARM
		{9C1760EF-CA68-4E44-A13D-737FFADB8FDD}.AppStore|ARM.Deploy.0 = Release|ARM
		{9C1760EF-CA68-4E44-A13D-737FFADB8FDD}.AppStore|iPhone.ActiveCfg = Release|x64
		{9C1760EF-CA68-4E44-A13D-737FFADB8FDD}.AppStore|iPhone.Build.0 = Release|x64
		{9C1760EF-CA68-4E44-A13D-737FFADB8FDD}.AppStore|iPhone.Deploy.0 = Release|x64
		{9C1760EF-CA68-4E44-A13D-737FFADB8FDD}.AppStore|iPhoneSimulator.ActiveCfg = Release|x64
		{9C1760EF-CA68-4E44-A13D-737FFADB8FDD}.AppStore|iPhoneSimulator.Build.0 = Release|x64
		{9C1760EF-CA68-4E44-A13D-737FFADB8FDD}.AppStore|iPhoneSimulator.Deploy.0 = Release|x64
		{9C1760EF-CA68-4E44-A13D-737FFADB8FDD}.AppStore|x64.ActiveCfg = Release|x64
		{9C1760EF-CA68-4E44-A13D-737FFADB8FDD}.AppStore|x64.Build.0 = Release|x64
		{9C1760EF-CA68-4E44-A13D-737FFADB8FDD}.AppStore|x64.Deploy.0 = Release|x64
		{9C1760EF-CA68-4E44-A13D-737FFADB8FDD}.AppStore|x86.ActiveCfg = Release|x86
		{9C1760EF-CA68-4E44-A13D-737FFADB8FDD}.AppStore|x86.Build.0 = Release|x86
		{9C1760EF-CA68-4E44-A13D-737FFADB8FDD}.AppStore|x86.Deploy.0 = Release|x86
		{9C1760EF-CA68-4E44-A13D-737FFADB8FDD}.Debug|Any CPU.ActiveCfg = Debug|x86
		{9C1760EF-CA68-4E44-A13D-737FFADB8FDD}.Debug|Any CPU.Build.0 = Debug|x86
		{9C1760EF-CA68-4E44-A13D-737FFADB8FDD}.Debug|Any CPU.Deploy.0 = Debug|x86
		{9C1760EF-CA68-4E44-A13D-737FFADB8FDD}.Debug|ARM.ActiveCfg = Debug|ARM
		{9C1760EF-CA68-4E44-A13D-737FFADB8FDD}.Debug|ARM.Build.0 = Debug|ARM
		{9C1760EF-CA68-4E44-A13D-737FFADB8FDD}.Debug|ARM.Deploy.0 = Debug|ARM
		{9C1760EF-CA68-4E44-A13D-737FFADB8FDD}.Debug|iPhone.ActiveCfg = Debug|x86
		{9C1760EF-CA68-4E44-A13D-737FFADB8FDD}.Debug|iPhoneSimulator.ActiveCfg = Debug|x86
		{9C1760EF-CA68-4E44-A13D-737FFADB8FDD}.Debug|x64.ActiveCfg = Debug|x64
		{9C1760EF-CA68-4E44-A13D-737FFADB8FDD}.Debug|x64.Build.0 = Debug|x64
		{9C1760EF-CA68-4E44-A13D-737FFADB8FDD}.Debug|x64.Deploy.0 = Debug|x64
		{9C1760EF-CA68-4E44-A13D-737FFADB8FDD}.Debug|x86.ActiveCfg = Debug|x86
		{9C1760EF-CA68-4E44-A13D-737FFADB8FDD}.Debug|x86.Build.0 = Debug|x86
		{9C1760EF-CA68-4E44-A13D-737FFADB8FDD}.Debug|x86.Deploy.0 = Debug|x86
		{9C1760EF-CA68-4E44-A13D-737FFADB8FDD}.Release|Any CPU.ActiveCfg = Release|x86
		{9C1760EF-CA68-4E44-A13D-737FFADB8FDD}.Release|ARM.ActiveCfg = Release|ARM
		{9C1760EF-CA68-4E44-A13D-737FFADB8FDD}.Release|ARM.Build.0 = Release|ARM
		{9C1760EF-CA68-4E44-A13D-737FFADB8FDD}.Release|ARM.Deploy.0 = Release|ARM
		{9C1760EF-CA68-4E44-A13D-737FFADB8FDD}.Release|iPhone.ActiveCfg = Release|x86
		{9C1760EF-CA68-4E44-A13D-737FFADB8FDD}.Release|iPhoneSimulator.ActiveCfg = Release|x86
		{9C1760EF-CA68-4E44-A13D-737FFADB8FDD}.Release|x64.ActiveCfg = Release|x64
		{9C1760EF-CA68-4E44-A13D-737FFADB8FDD}.Release|x64.Build.0 = Release|x64
		{9C1760EF-CA68-4E44-A13D-737FFADB8FDD}.Release|x64.Deploy.0 = Release|x64
		{9C1760EF-CA68-4E44-A13D-737FFADB8FDD}.Release|x86.ActiveCfg = Release|x86
		{9C1760EF-CA68-4E44-A13D-737FFADB8FDD}.Release|x86.Build.0 = Release|x86
		{9C1760EF-CA68-4E44-A13D-737FFADB8FDD}.Release|x86.Deploy.0 = Release|x86
		{F57BAC63-A7DC-4E8A-AAC0-7152AA7F7AD5}.Ad-Hoc|Any CPU.ActiveCfg = Debug|Any CPU
		{F57BAC63-A7DC-4E8A-AAC0-7152AA7F7AD5}.Ad-Hoc|Any CPU.Build.0 = Debug|Any CPU
		{F57BAC63-A7DC-4E8A-AAC0-7152AA7F7AD5}.Ad-Hoc|ARM.ActiveCfg = Debug|Any CPU
		{F57BAC63-A7DC-4E8A-AAC0-7152AA7F7AD5}.Ad-Hoc|ARM.Build.0 = Debug|Any CPU
		{F57BAC63-A7DC-4E8A-AAC0-7152AA7F7AD5}.Ad-Hoc|iPhone.ActiveCfg = Debug|Any CPU
		{F57BAC63-A7DC-4E8A-AAC0-7152AA7F7AD5}.Ad-Hoc|iPhone.Build.0 = Debug|Any CPU
		{F57BAC63-A7DC-4E8A-AAC0-7152AA7F7AD5}.Ad-Hoc|iPhoneSimulator.ActiveCfg = Debug|Any CPU
		{F57BAC63-A7DC-4E8A-AAC0-7152AA7F7AD5}.Ad-Hoc|iPhoneSimulator.Build.0 = Debug|Any CPU
		{F57BAC63-A7DC-4E8A-AAC0-7152AA7F7AD5}.Ad-Hoc|x64.ActiveCfg = Debug|Any CPU
		{F57BAC63-A7DC-4E8A-AAC0-7152AA7F7AD5}.Ad-Hoc|x64.Build.0 = Debug|Any CPU
		{F57BAC63-A7DC-4E8A-AAC0-7152AA7F7AD5}.Ad-Hoc|x86.ActiveCfg = Debug|Any CPU
		{F57BAC63-A7DC-4E8A-AAC0-7152AA7F7AD5}.Ad-Hoc|x86.Build.0 = Debug|Any CPU
		{F57BAC63-A7DC-4E8A-AAC0-7152AA7F7AD5}.AppStore|Any CPU.ActiveCfg = Debug|Any CPU
		{F57BAC63-A7DC-4E8A-AAC0-7152AA7F7AD5}.AppStore|Any CPU.Build.0 = Debug|Any CPU
		{F57BAC63-A7DC-4E8A-AAC0-7152AA7F7AD5}.AppStore|ARM.ActiveCfg = Debug|Any CPU
		{F57BAC63-A7DC-4E8A-AAC0-7152AA7F7AD5}.AppStore|ARM.Build.0 = Debug|Any CPU
		{F57BAC63-A7DC-4E8A-AAC0-7152AA7F7AD5}.AppStore|iPhone.ActiveCfg = Debug|Any CPU
		{F57BAC63-A7DC-4E8A-AAC0-7152AA7F7AD5}.AppStore|iPhone.Build.0 = Debug|Any CPU
		{F57BAC63-A7DC-4E8A-AAC0-7152AA7F7AD5}.AppStore|iPhoneSimulator.ActiveCfg = Debug|Any CPU
		{F57BAC63-A7DC-4E8A-AAC0-7152AA7F7AD5}.AppStore|iPhoneSimulator.Build.0 = Debug|Any CPU
		{F57BAC63-A7DC-4E8A-AAC0-7152AA7F7AD5}.AppStore|x64.ActiveCfg = Debug|Any CPU
		{F57BAC63-A7DC-4E8A-AAC0-7152AA7F7AD5}.AppStore|x64.Build.0 = Debug|Any CPU
		{F57BAC63-A7DC-4E8A-AAC0-7152AA7F7AD5}.AppStore|x86.ActiveCfg = Debug|Any CPU
		{F57BAC63-A7DC-4E8A-AAC0-7152AA7F7AD5}.AppStore|x86.Build.0 = Debug|Any CPU
		{F57BAC63-A7DC-4E8A-AAC0-7152AA7F7AD5}.Debug|Any CPU.ActiveCfg = Debug|Any CPU
		{F57BAC63-A7DC-4E8A-AAC0-7152AA7F7AD5}.Debug|Any CPU.Build.0 = Debug|Any CPU
		{F57BAC63-A7DC-4E8A-AAC0-7152AA7F7AD5}.Debug|ARM.ActiveCfg = Debug|Any CPU
		{F57BAC63-A7DC-4E8A-AAC0-7152AA7F7AD5}.Debug|ARM.Build.0 = Debug|Any CPU
		{F57BAC63-A7DC-4E8A-AAC0-7152AA7F7AD5}.Debug|iPhone.ActiveCfg = Debug|Any CPU
		{F57BAC63-A7DC-4E8A-AAC0-7152AA7F7AD5}.Debug|iPhone.Build.0 = Debug|Any CPU
		{F57BAC63-A7DC-4E8A-AAC0-7152AA7F7AD5}.Debug|iPhoneSimulator.ActiveCfg = Debug|Any CPU
		{F57BAC63-A7DC-4E8A-AAC0-7152AA7F7AD5}.Debug|iPhoneSimulator.Build.0 = Debug|Any CPU
		{F57BAC63-A7DC-4E8A-AAC0-7152AA7F7AD5}.Debug|x64.ActiveCfg = Debug|Any CPU
		{F57BAC63-A7DC-4E8A-AAC0-7152AA7F7AD5}.Debug|x64.Build.0 = Debug|Any CPU
		{F57BAC63-A7DC-4E8A-AAC0-7152AA7F7AD5}.Debug|x86.ActiveCfg = Debug|Any CPU
		{F57BAC63-A7DC-4E8A-AAC0-7152AA7F7AD5}.Debug|x86.Build.0 = Debug|Any CPU
		{F57BAC63-A7DC-4E8A-AAC0-7152AA7F7AD5}.Release|Any CPU.ActiveCfg = Release|Any CPU
		{F57BAC63-A7DC-4E8A-AAC0-7152AA7F7AD5}.Release|Any CPU.Build.0 = Release|Any CPU
		{F57BAC63-A7DC-4E8A-AAC0-7152AA7F7AD5}.Release|ARM.ActiveCfg = Release|Any CPU
		{F57BAC63-A7DC-4E8A-AAC0-7152AA7F7AD5}.Release|ARM.Build.0 = Release|Any CPU
		{F57BAC63-A7DC-4E8A-AAC0-7152AA7F7AD5}.Release|iPhone.ActiveCfg = Release|Any CPU
		{F57BAC63-A7DC-4E8A-AAC0-7152AA7F7AD5}.Release|iPhone.Build.0 = Release|Any CPU
		{F57BAC63-A7DC-4E8A-AAC0-7152AA7F7AD5}.Release|iPhoneSimulator.ActiveCfg = Release|Any CPU
		{F57BAC63-A7DC-4E8A-AAC0-7152AA7F7AD5}.Release|iPhoneSimulator.Build.0 = Release|Any CPU
		{F57BAC63-A7DC-4E8A-AAC0-7152AA7F7AD5}.Release|x64.ActiveCfg = Release|Any CPU
		{F57BAC63-A7DC-4E8A-AAC0-7152AA7F7AD5}.Release|x64.Build.0 = Release|Any CPU
		{F57BAC63-A7DC-4E8A-AAC0-7152AA7F7AD5}.Release|x86.ActiveCfg = Release|Any CPU
		{F57BAC63-A7DC-4E8A-AAC0-7152AA7F7AD5}.Release|x86.Build.0 = Release|Any CPU
		{0EFD293A-6CD2-4D3D-ABE3-5FFDC84716E2}.Ad-Hoc|Any CPU.ActiveCfg = Debug|Any CPU
		{0EFD293A-6CD2-4D3D-ABE3-5FFDC84716E2}.Ad-Hoc|Any CPU.Build.0 = Debug|Any CPU
		{0EFD293A-6CD2-4D3D-ABE3-5FFDC84716E2}.Ad-Hoc|ARM.ActiveCfg = Debug|Any CPU
		{0EFD293A-6CD2-4D3D-ABE3-5FFDC84716E2}.Ad-Hoc|ARM.Build.0 = Debug|Any CPU
		{0EFD293A-6CD2-4D3D-ABE3-5FFDC84716E2}.Ad-Hoc|iPhone.ActiveCfg = Debug|Any CPU
		{0EFD293A-6CD2-4D3D-ABE3-5FFDC84716E2}.Ad-Hoc|iPhone.Build.0 = Debug|Any CPU
		{0EFD293A-6CD2-4D3D-ABE3-5FFDC84716E2}.Ad-Hoc|iPhoneSimulator.ActiveCfg = Debug|Any CPU
		{0EFD293A-6CD2-4D3D-ABE3-5FFDC84716E2}.Ad-Hoc|iPhoneSimulator.Build.0 = Debug|Any CPU
		{0EFD293A-6CD2-4D3D-ABE3-5FFDC84716E2}.Ad-Hoc|x64.ActiveCfg = Debug|Any CPU
		{0EFD293A-6CD2-4D3D-ABE3-5FFDC84716E2}.Ad-Hoc|x64.Build.0 = Debug|Any CPU
		{0EFD293A-6CD2-4D3D-ABE3-5FFDC84716E2}.Ad-Hoc|x86.ActiveCfg = Debug|Any CPU
		{0EFD293A-6CD2-4D3D-ABE3-5FFDC84716E2}.Ad-Hoc|x86.Build.0 = Debug|Any CPU
		{0EFD293A-6CD2-4D3D-ABE3-5FFDC84716E2}.AppStore|Any CPU.ActiveCfg = Debug|Any CPU
		{0EFD293A-6CD2-4D3D-ABE3-5FFDC84716E2}.AppStore|Any CPU.Build.0 = Debug|Any CPU
		{0EFD293A-6CD2-4D3D-ABE3-5FFDC84716E2}.AppStore|ARM.ActiveCfg = Debug|Any CPU
		{0EFD293A-6CD2-4D3D-ABE3-5FFDC84716E2}.AppStore|ARM.Build.0 = Debug|Any CPU
		{0EFD293A-6CD2-4D3D-ABE3-5FFDC84716E2}.AppStore|iPhone.ActiveCfg = Debug|Any CPU
		{0EFD293A-6CD2-4D3D-ABE3-5FFDC84716E2}.AppStore|iPhone.Build.0 = Debug|Any CPU
		{0EFD293A-6CD2-4D3D-ABE3-5FFDC84716E2}.AppStore|iPhoneSimulator.ActiveCfg = Debug|Any CPU
		{0EFD293A-6CD2-4D3D-ABE3-5FFDC84716E2}.AppStore|iPhoneSimulator.Build.0 = Debug|Any CPU
		{0EFD293A-6CD2-4D3D-ABE3-5FFDC84716E2}.AppStore|x64.ActiveCfg = Debug|Any CPU
		{0EFD293A-6CD2-4D3D-ABE3-5FFDC84716E2}.AppStore|x64.Build.0 = Debug|Any CPU
		{0EFD293A-6CD2-4D3D-ABE3-5FFDC84716E2}.AppStore|x86.ActiveCfg = Debug|Any CPU
		{0EFD293A-6CD2-4D3D-ABE3-5FFDC84716E2}.AppStore|x86.Build.0 = Debug|Any CPU
		{0EFD293A-6CD2-4D3D-ABE3-5FFDC84716E2}.Debug|Any CPU.ActiveCfg = Debug|Any CPU
		{0EFD293A-6CD2-4D3D-ABE3-5FFDC84716E2}.Debug|Any CPU.Build.0 = Debug|Any CPU
		{0EFD293A-6CD2-4D3D-ABE3-5FFDC84716E2}.Debug|ARM.ActiveCfg = Debug|Any CPU
		{0EFD293A-6CD2-4D3D-ABE3-5FFDC84716E2}.Debug|ARM.Build.0 = Debug|Any CPU
		{0EFD293A-6CD2-4D3D-ABE3-5FFDC84716E2}.Debug|iPhone.ActiveCfg = Debug|Any CPU
		{0EFD293A-6CD2-4D3D-ABE3-5FFDC84716E2}.Debug|iPhone.Build.0 = Debug|Any CPU
		{0EFD293A-6CD2-4D3D-ABE3-5FFDC84716E2}.Debug|iPhoneSimulator.ActiveCfg = Debug|Any CPU
		{0EFD293A-6CD2-4D3D-ABE3-5FFDC84716E2}.Debug|iPhoneSimulator.Build.0 = Debug|Any CPU
		{0EFD293A-6CD2-4D3D-ABE3-5FFDC84716E2}.Debug|x64.ActiveCfg = Debug|Any CPU
		{0EFD293A-6CD2-4D3D-ABE3-5FFDC84716E2}.Debug|x64.Build.0 = Debug|Any CPU
		{0EFD293A-6CD2-4D3D-ABE3-5FFDC84716E2}.Debug|x86.ActiveCfg = Debug|Any CPU
		{0EFD293A-6CD2-4D3D-ABE3-5FFDC84716E2}.Debug|x86.Build.0 = Debug|Any CPU
		{0EFD293A-6CD2-4D3D-ABE3-5FFDC84716E2}.Release|Any CPU.ActiveCfg = Release|Any CPU
		{0EFD293A-6CD2-4D3D-ABE3-5FFDC84716E2}.Release|Any CPU.Build.0 = Release|Any CPU
		{0EFD293A-6CD2-4D3D-ABE3-5FFDC84716E2}.Release|ARM.ActiveCfg = Release|Any CPU
		{0EFD293A-6CD2-4D3D-ABE3-5FFDC84716E2}.Release|ARM.Build.0 = Release|Any CPU
		{0EFD293A-6CD2-4D3D-ABE3-5FFDC84716E2}.Release|iPhone.ActiveCfg = Release|Any CPU
		{0EFD293A-6CD2-4D3D-ABE3-5FFDC84716E2}.Release|iPhone.Build.0 = Release|Any CPU
		{0EFD293A-6CD2-4D3D-ABE3-5FFDC84716E2}.Release|iPhoneSimulator.ActiveCfg = Release|Any CPU
		{0EFD293A-6CD2-4D3D-ABE3-5FFDC84716E2}.Release|iPhoneSimulator.Build.0 = Release|Any CPU
		{0EFD293A-6CD2-4D3D-ABE3-5FFDC84716E2}.Release|x64.ActiveCfg = Release|Any CPU
		{0EFD293A-6CD2-4D3D-ABE3-5FFDC84716E2}.Release|x64.Build.0 = Release|Any CPU
		{0EFD293A-6CD2-4D3D-ABE3-5FFDC84716E2}.Release|x86.ActiveCfg = Release|Any CPU
		{0EFD293A-6CD2-4D3D-ABE3-5FFDC84716E2}.Release|x86.Build.0 = Release|Any CPU
		{DDA1BB01-E8F7-4BC9-8D47-E528C06452FF}.Ad-Hoc|Any CPU.ActiveCfg = Release|Any CPU
		{DDA1BB01-E8F7-4BC9-8D47-E528C06452FF}.Ad-Hoc|Any CPU.Build.0 = Release|Any CPU
		{DDA1BB01-E8F7-4BC9-8D47-E528C06452FF}.Ad-Hoc|Any CPU.Deploy.0 = Release|Any CPU
		{DDA1BB01-E8F7-4BC9-8D47-E528C06452FF}.Ad-Hoc|ARM.ActiveCfg = Release|Any CPU
		{DDA1BB01-E8F7-4BC9-8D47-E528C06452FF}.Ad-Hoc|ARM.Build.0 = Release|Any CPU
		{DDA1BB01-E8F7-4BC9-8D47-E528C06452FF}.Ad-Hoc|ARM.Deploy.0 = Release|Any CPU
		{DDA1BB01-E8F7-4BC9-8D47-E528C06452FF}.Ad-Hoc|iPhone.ActiveCfg = Release|Any CPU
		{DDA1BB01-E8F7-4BC9-8D47-E528C06452FF}.Ad-Hoc|iPhone.Build.0 = Release|Any CPU
		{DDA1BB01-E8F7-4BC9-8D47-E528C06452FF}.Ad-Hoc|iPhone.Deploy.0 = Release|Any CPU
		{DDA1BB01-E8F7-4BC9-8D47-E528C06452FF}.Ad-Hoc|iPhoneSimulator.ActiveCfg = Release|Any CPU
		{DDA1BB01-E8F7-4BC9-8D47-E528C06452FF}.Ad-Hoc|iPhoneSimulator.Build.0 = Release|Any CPU
		{DDA1BB01-E8F7-4BC9-8D47-E528C06452FF}.Ad-Hoc|iPhoneSimulator.Deploy.0 = Release|Any CPU
		{DDA1BB01-E8F7-4BC9-8D47-E528C06452FF}.Ad-Hoc|x64.ActiveCfg = Release|Any CPU
		{DDA1BB01-E8F7-4BC9-8D47-E528C06452FF}.Ad-Hoc|x64.Build.0 = Release|Any CPU
		{DDA1BB01-E8F7-4BC9-8D47-E528C06452FF}.Ad-Hoc|x64.Deploy.0 = Release|Any CPU
		{DDA1BB01-E8F7-4BC9-8D47-E528C06452FF}.Ad-Hoc|x86.ActiveCfg = Release|Any CPU
		{DDA1BB01-E8F7-4BC9-8D47-E528C06452FF}.Ad-Hoc|x86.Build.0 = Release|Any CPU
		{DDA1BB01-E8F7-4BC9-8D47-E528C06452FF}.Ad-Hoc|x86.Deploy.0 = Release|Any CPU
		{DDA1BB01-E8F7-4BC9-8D47-E528C06452FF}.AppStore|Any CPU.ActiveCfg = Release|Any CPU
		{DDA1BB01-E8F7-4BC9-8D47-E528C06452FF}.AppStore|Any CPU.Build.0 = Release|Any CPU
		{DDA1BB01-E8F7-4BC9-8D47-E528C06452FF}.AppStore|Any CPU.Deploy.0 = Release|Any CPU
		{DDA1BB01-E8F7-4BC9-8D47-E528C06452FF}.AppStore|ARM.ActiveCfg = Release|Any CPU
		{DDA1BB01-E8F7-4BC9-8D47-E528C06452FF}.AppStore|ARM.Build.0 = Release|Any CPU
		{DDA1BB01-E8F7-4BC9-8D47-E528C06452FF}.AppStore|ARM.Deploy.0 = Release|Any CPU
		{DDA1BB01-E8F7-4BC9-8D47-E528C06452FF}.AppStore|iPhone.ActiveCfg = Release|Any CPU
		{DDA1BB01-E8F7-4BC9-8D47-E528C06452FF}.AppStore|iPhone.Build.0 = Release|Any CPU
		{DDA1BB01-E8F7-4BC9-8D47-E528C06452FF}.AppStore|iPhone.Deploy.0 = Release|Any CPU
		{DDA1BB01-E8F7-4BC9-8D47-E528C06452FF}.AppStore|iPhoneSimulator.ActiveCfg = Release|Any CPU
		{DDA1BB01-E8F7-4BC9-8D47-E528C06452FF}.AppStore|iPhoneSimulator.Build.0 = Release|Any CPU
		{DDA1BB01-E8F7-4BC9-8D47-E528C06452FF}.AppStore|iPhoneSimulator.Deploy.0 = Release|Any CPU
		{DDA1BB01-E8F7-4BC9-8D47-E528C06452FF}.AppStore|x64.ActiveCfg = Release|Any CPU
		{DDA1BB01-E8F7-4BC9-8D47-E528C06452FF}.AppStore|x64.Build.0 = Release|Any CPU
		{DDA1BB01-E8F7-4BC9-8D47-E528C06452FF}.AppStore|x64.Deploy.0 = Release|Any CPU
		{DDA1BB01-E8F7-4BC9-8D47-E528C06452FF}.AppStore|x86.ActiveCfg = Release|Any CPU
		{DDA1BB01-E8F7-4BC9-8D47-E528C06452FF}.AppStore|x86.Build.0 = Release|Any CPU
		{DDA1BB01-E8F7-4BC9-8D47-E528C06452FF}.AppStore|x86.Deploy.0 = Release|Any CPU
		{DDA1BB01-E8F7-4BC9-8D47-E528C06452FF}.Debug|Any CPU.ActiveCfg = Debug|Any CPU
		{DDA1BB01-E8F7-4BC9-8D47-E528C06452FF}.Debug|Any CPU.Build.0 = Debug|Any CPU
		{DDA1BB01-E8F7-4BC9-8D47-E528C06452FF}.Debug|Any CPU.Deploy.0 = Debug|Any CPU
		{DDA1BB01-E8F7-4BC9-8D47-E528C06452FF}.Debug|ARM.ActiveCfg = Debug|Any CPU
		{DDA1BB01-E8F7-4BC9-8D47-E528C06452FF}.Debug|ARM.Build.0 = Debug|Any CPU
		{DDA1BB01-E8F7-4BC9-8D47-E528C06452FF}.Debug|ARM.Deploy.0 = Debug|Any CPU
		{DDA1BB01-E8F7-4BC9-8D47-E528C06452FF}.Debug|iPhone.ActiveCfg = Debug|Any CPU
		{DDA1BB01-E8F7-4BC9-8D47-E528C06452FF}.Debug|iPhone.Build.0 = Debug|Any CPU
		{DDA1BB01-E8F7-4BC9-8D47-E528C06452FF}.Debug|iPhone.Deploy.0 = Debug|Any CPU
		{DDA1BB01-E8F7-4BC9-8D47-E528C06452FF}.Debug|iPhoneSimulator.ActiveCfg = Debug|Any CPU
		{DDA1BB01-E8F7-4BC9-8D47-E528C06452FF}.Debug|iPhoneSimulator.Build.0 = Debug|Any CPU
		{DDA1BB01-E8F7-4BC9-8D47-E528C06452FF}.Debug|iPhoneSimulator.Deploy.0 = Debug|Any CPU
		{DDA1BB01-E8F7-4BC9-8D47-E528C06452FF}.Debug|x64.ActiveCfg = Debug|Any CPU
		{DDA1BB01-E8F7-4BC9-8D47-E528C06452FF}.Debug|x64.Build.0 = Debug|Any CPU
		{DDA1BB01-E8F7-4BC9-8D47-E528C06452FF}.Debug|x64.Deploy.0 = Debug|Any CPU
		{DDA1BB01-E8F7-4BC9-8D47-E528C06452FF}.Debug|x86.ActiveCfg = Debug|Any CPU
		{DDA1BB01-E8F7-4BC9-8D47-E528C06452FF}.Debug|x86.Build.0 = Debug|Any CPU
		{DDA1BB01-E8F7-4BC9-8D47-E528C06452FF}.Debug|x86.Deploy.0 = Debug|Any CPU
		{DDA1BB01-E8F7-4BC9-8D47-E528C06452FF}.Release|Any CPU.ActiveCfg = Release|Any CPU
		{DDA1BB01-E8F7-4BC9-8D47-E528C06452FF}.Release|Any CPU.Build.0 = Release|Any CPU
		{DDA1BB01-E8F7-4BC9-8D47-E528C06452FF}.Release|Any CPU.Deploy.0 = Release|Any CPU
		{DDA1BB01-E8F7-4BC9-8D47-E528C06452FF}.Release|ARM.ActiveCfg = Release|Any CPU
		{DDA1BB01-E8F7-4BC9-8D47-E528C06452FF}.Release|ARM.Build.0 = Release|Any CPU
		{DDA1BB01-E8F7-4BC9-8D47-E528C06452FF}.Release|ARM.Deploy.0 = Release|Any CPU
		{DDA1BB01-E8F7-4BC9-8D47-E528C06452FF}.Release|iPhone.ActiveCfg = Release|Any CPU
		{DDA1BB01-E8F7-4BC9-8D47-E528C06452FF}.Release|iPhone.Build.0 = Release|Any CPU
		{DDA1BB01-E8F7-4BC9-8D47-E528C06452FF}.Release|iPhone.Deploy.0 = Release|Any CPU
		{DDA1BB01-E8F7-4BC9-8D47-E528C06452FF}.Release|iPhoneSimulator.ActiveCfg = Release|Any CPU
		{DDA1BB01-E8F7-4BC9-8D47-E528C06452FF}.Release|iPhoneSimulator.Build.0 = Release|Any CPU
		{DDA1BB01-E8F7-4BC9-8D47-E528C06452FF}.Release|iPhoneSimulator.Deploy.0 = Release|Any CPU
		{DDA1BB01-E8F7-4BC9-8D47-E528C06452FF}.Release|x64.ActiveCfg = Release|Any CPU
		{DDA1BB01-E8F7-4BC9-8D47-E528C06452FF}.Release|x64.Build.0 = Release|Any CPU
		{DDA1BB01-E8F7-4BC9-8D47-E528C06452FF}.Release|x64.Deploy.0 = Release|Any CPU
		{DDA1BB01-E8F7-4BC9-8D47-E528C06452FF}.Release|x86.ActiveCfg = Release|Any CPU
		{DDA1BB01-E8F7-4BC9-8D47-E528C06452FF}.Release|x86.Build.0 = Release|Any CPU
		{DDA1BB01-E8F7-4BC9-8D47-E528C06452FF}.Release|x86.Deploy.0 = Release|Any CPU
	EndGlobalSection
	GlobalSection(SolutionProperties) = preSolution
		HideSolutionNode = FALSE
	EndGlobalSection
	GlobalSection(NestedProjects) = preSolution
		{8022CA7C-53D5-4329-8DBE-85E9B2A81F0D} = {AE300528-905C-40BE-9A20-4ADCA85ECD88}
		{9DC2CD71-E50E-4079-917C-EBD83BCDD9DF} = {B3A35217-BFCF-461C-8099-B70BF5F7BBC1}
		{1D854E51-2389-4963-A1A5-4762F7224993} = {9DC2CD71-E50E-4079-917C-EBD83BCDD9DF}
		{5296C6B3-948B-4C89-90E9-CD57AB0B9EAB} = {9DC2CD71-E50E-4079-917C-EBD83BCDD9DF}
		{4195FBFE-6138-41DE-B258-9C42AAAF029C} = {9DC2CD71-E50E-4079-917C-EBD83BCDD9DF}
		{6F807DCB-482F-4FA6-B14B-22BA4FE334B7} = {9DC2CD71-E50E-4079-917C-EBD83BCDD9DF}
		{B63582D1-1156-405D-83A1-0491C08CCF7A} = {B3A35217-BFCF-461C-8099-B70BF5F7BBC1}
		{FC01C1FB-C2D5-4F71-A4DF-8532B2EDEE09} = {8B69D738-DEF0-4A5D-96D8-61EDC081540C}
		{E6E77CD5-77EA-4E1C-A4BA-F72A5AC82B0E} = {E9BA8ADA-F798-4631-AFA8-CE8C8423591A}
		{FDB62C45-DB84-492D-BFDD-0C86F664DF5A} = {25D33B6C-50F8-464E-92A0-983B531D5EC0}
		{61628BEE-6FFD-4AB9-93D9-98512D92AB71} = {E9BA8ADA-F798-4631-AFA8-CE8C8423591A}
		{A9689314-C724-4B69-A2E8-0E90F9654C2F} = {9DC2CD71-E50E-4079-917C-EBD83BCDD9DF}
		{9C1760EF-CA68-4E44-A13D-737FFADB8FDD} = {C8ECBE05-BC87-4A4B-954E-0E5CE08B6D7F}
		{8D8D5ADE-5BA0-423F-B806-4E973942E4D2} = {C8ECBE05-BC87-4A4B-954E-0E5CE08B6D7F}
		{F57BAC63-A7DC-4E8A-AAC0-7152AA7F7AD5} = {8D8D5ADE-5BA0-423F-B806-4E973942E4D2}
		{0EFD293A-6CD2-4D3D-ABE3-5FFDC84716E2} = {8D8D5ADE-5BA0-423F-B806-4E973942E4D2}
		{DDA1BB01-E8F7-4BC9-8D47-E528C06452FF} = {25D33B6C-50F8-464E-92A0-983B531D5EC0}
	EndGlobalSection
	GlobalSection(ExtensibilityGlobals) = postSolution
		SolutionGuid = {89D57FA9-89A1-4514-BE21-38C2A3C5191E}
	EndGlobalSection
EndGlobal
